// !$*UTF8*$!
{
	archiveVersion = 1;
	classes = {
	};
	objectVersion = 56;
	objects = {

/* Begin PBXBuildFile section */
		0DF9976D2B43B15F0055C836 /* GPTMessagable.swift in Sources */ = {isa = PBXBuildFile; fileRef = 0DF9976C2B43B15F0055C836 /* GPTMessagable.swift */; };
		0DF997702B43B9890055C836 /* SystemMessage.swift in Sources */ = {isa = PBXBuildFile; fileRef = 0DF9976F2B43B9890055C836 /* SystemMessage.swift */; };
		0DF997722B43BC590055C836 /* ToolMessage.swift in Sources */ = {isa = PBXBuildFile; fileRef = 0DF997712B43BC590055C836 /* ToolMessage.swift */; };
		0DF997742B43BCC50055C836 /* AssistantMessage.swift in Sources */ = {isa = PBXBuildFile; fileRef = 0DF997732B43BCC50055C836 /* AssistantMessage.swift */; };
		0DF997772B43FFA10055C836 /* GPTCommentDTO.swift in Sources */ = {isa = PBXBuildFile; fileRef = 0DF997762B43FFA10055C836 /* GPTCommentDTO.swift */; };
		0DF997792B4404480055C836 /* GPTMessage.swift in Sources */ = {isa = PBXBuildFile; fileRef = 0DF997782B4404480055C836 /* GPTMessage.swift */; };
		0DF9977C2B440B890055C836 /* GPTReplyDTO.swift in Sources */ = {isa = PBXBuildFile; fileRef = 0DF9977B2B440B890055C836 /* GPTReplyDTO.swift */; };
		0DF9977E2B45022A0055C836 /* UserMessage.swift in Sources */ = {isa = PBXBuildFile; fileRef = 0DF9977D2B45022A0055C836 /* UserMessage.swift */; };
		0DF997812B450E8E0055C836 /* Date+Extention.swift in Sources */ = {isa = PBXBuildFile; fileRef = 0DF997802B450E8E0055C836 /* Date+Extention.swift */; };
		0DF997832B463C610055C836 /* Model.swift in Sources */ = {isa = PBXBuildFile; fileRef = 0DF997822B463C610055C836 /* Model.swift */; };
		0DF997962B466D960055C836 /* ContentHTTPRequest.swift in Sources */ = {isa = PBXBuildFile; fileRef = 0DF997952B466D960055C836 /* ContentHTTPRequest.swift */; };
		0DF997982B46704F0055C836 /* AuthorizeHTTPRequest.swift in Sources */ = {isa = PBXBuildFile; fileRef = 0DF997972B46704F0055C836 /* AuthorizeHTTPRequest.swift */; };
		0DF9979A2B4672B00055C836 /* HTTPDecoratable.swift in Sources */ = {isa = PBXBuildFile; fileRef = 0DF997992B4672B00055C836 /* HTTPDecoratable.swift */; };
		0DF9979C2B46792B0055C836 /* GPTHTTPRequest.swift in Sources */ = {isa = PBXBuildFile; fileRef = 0DF9979B2B46792B0055C836 /* GPTHTTPRequest.swift */; };
		0DF997A52B4680240055C836 /* HTTPRequestable.swift in Sources */ = {isa = PBXBuildFile; fileRef = 0DF997A42B4680240055C836 /* HTTPRequestable.swift */; };
		0DF997A72B4680BB0055C836 /* Network.swift in Sources */ = {isa = PBXBuildFile; fileRef = 0DF997A62B4680BB0055C836 /* Network.swift */; };
		B4B3E2BD2B42D1BB00818B3C /* AppDelegate.swift in Sources */ = {isa = PBXBuildFile; fileRef = B4B3E2BC2B42D1BB00818B3C /* AppDelegate.swift */; };
		B4B3E2BF2B42D1BB00818B3C /* SceneDelegate.swift in Sources */ = {isa = PBXBuildFile; fileRef = B4B3E2BE2B42D1BB00818B3C /* SceneDelegate.swift */; };
		B4B3E2C12B42D1BB00818B3C /* ViewController.swift in Sources */ = {isa = PBXBuildFile; fileRef = B4B3E2C02B42D1BB00818B3C /* ViewController.swift */; };
		B4B3E2C42B42D1BB00818B3C /* Main.storyboard in Resources */ = {isa = PBXBuildFile; fileRef = B4B3E2C22B42D1BB00818B3C /* Main.storyboard */; };
		B4B3E2C62B42D1BC00818B3C /* Assets.xcassets in Resources */ = {isa = PBXBuildFile; fileRef = B4B3E2C52B42D1BC00818B3C /* Assets.xcassets */; };
		B4B3E2C92B42D1BC00818B3C /* LaunchScreen.storyboard in Resources */ = {isa = PBXBuildFile; fileRef = B4B3E2C72B42D1BC00818B3C /* LaunchScreen.storyboard */; };
/* End PBXBuildFile section */

/* Begin PBXFileReference section */
		0DF9976C2B43B15F0055C836 /* GPTMessagable.swift */ = {isa = PBXFileReference; lastKnownFileType = sourcecode.swift; path = GPTMessagable.swift; sourceTree = "<group>"; };
		0DF9976F2B43B9890055C836 /* SystemMessage.swift */ = {isa = PBXFileReference; lastKnownFileType = sourcecode.swift; path = SystemMessage.swift; sourceTree = "<group>"; };
		0DF997712B43BC590055C836 /* ToolMessage.swift */ = {isa = PBXFileReference; lastKnownFileType = sourcecode.swift; path = ToolMessage.swift; sourceTree = "<group>"; };
		0DF997732B43BCC50055C836 /* AssistantMessage.swift */ = {isa = PBXFileReference; lastKnownFileType = sourcecode.swift; path = AssistantMessage.swift; sourceTree = "<group>"; };
		0DF997762B43FFA10055C836 /* GPTCommentDTO.swift */ = {isa = PBXFileReference; lastKnownFileType = sourcecode.swift; path = GPTCommentDTO.swift; sourceTree = "<group>"; };
		0DF997782B4404480055C836 /* GPTMessage.swift */ = {isa = PBXFileReference; lastKnownFileType = sourcecode.swift; path = GPTMessage.swift; sourceTree = "<group>"; };
		0DF9977B2B440B890055C836 /* GPTReplyDTO.swift */ = {isa = PBXFileReference; lastKnownFileType = sourcecode.swift; path = GPTReplyDTO.swift; sourceTree = "<group>"; };
		0DF9977D2B45022A0055C836 /* UserMessage.swift */ = {isa = PBXFileReference; lastKnownFileType = sourcecode.swift; path = UserMessage.swift; sourceTree = "<group>"; };
		0DF997802B450E8E0055C836 /* Date+Extention.swift */ = {isa = PBXFileReference; lastKnownFileType = sourcecode.swift; path = "Date+Extention.swift"; sourceTree = "<group>"; };
		0DF997822B463C610055C836 /* Model.swift */ = {isa = PBXFileReference; lastKnownFileType = sourcecode.swift; path = Model.swift; sourceTree = "<group>"; };
		0DF997952B466D960055C836 /* ContentHTTPRequest.swift */ = {isa = PBXFileReference; lastKnownFileType = sourcecode.swift; path = ContentHTTPRequest.swift; sourceTree = "<group>"; };
		0DF997972B46704F0055C836 /* AuthorizeHTTPRequest.swift */ = {isa = PBXFileReference; lastKnownFileType = sourcecode.swift; path = AuthorizeHTTPRequest.swift; sourceTree = "<group>"; };
		0DF997992B4672B00055C836 /* HTTPDecoratable.swift */ = {isa = PBXFileReference; lastKnownFileType = sourcecode.swift; path = HTTPDecoratable.swift; sourceTree = "<group>"; };
		0DF9979B2B46792B0055C836 /* GPTHTTPRequest.swift */ = {isa = PBXFileReference; lastKnownFileType = sourcecode.swift; path = GPTHTTPRequest.swift; sourceTree = "<group>"; };
		0DF997A42B4680240055C836 /* HTTPRequestable.swift */ = {isa = PBXFileReference; fileEncoding = 4; lastKnownFileType = sourcecode.swift; path = HTTPRequestable.swift; sourceTree = "<group>"; };
		0DF997A62B4680BB0055C836 /* Network.swift */ = {isa = PBXFileReference; lastKnownFileType = sourcecode.swift; path = Network.swift; sourceTree = "<group>"; };
		B4B3E2B92B42D1BB00818B3C /* ChatBot.app */ = {isa = PBXFileReference; explicitFileType = wrapper.application; includeInIndex = 0; path = ChatBot.app; sourceTree = BUILT_PRODUCTS_DIR; };
		B4B3E2BC2B42D1BB00818B3C /* AppDelegate.swift */ = {isa = PBXFileReference; lastKnownFileType = sourcecode.swift; path = AppDelegate.swift; sourceTree = "<group>"; };
		B4B3E2BE2B42D1BB00818B3C /* SceneDelegate.swift */ = {isa = PBXFileReference; lastKnownFileType = sourcecode.swift; path = SceneDelegate.swift; sourceTree = "<group>"; };
		B4B3E2C02B42D1BB00818B3C /* ViewController.swift */ = {isa = PBXFileReference; lastKnownFileType = sourcecode.swift; path = ViewController.swift; sourceTree = "<group>"; };
		B4B3E2C32B42D1BB00818B3C /* Base */ = {isa = PBXFileReference; lastKnownFileType = file.storyboard; name = Base; path = Base.lproj/Main.storyboard; sourceTree = "<group>"; };
		B4B3E2C52B42D1BC00818B3C /* Assets.xcassets */ = {isa = PBXFileReference; lastKnownFileType = folder.assetcatalog; path = Assets.xcassets; sourceTree = "<group>"; };
		B4B3E2C82B42D1BC00818B3C /* Base */ = {isa = PBXFileReference; lastKnownFileType = file.storyboard; name = Base; path = Base.lproj/LaunchScreen.storyboard; sourceTree = "<group>"; };
		B4B3E2CA2B42D1BC00818B3C /* Info.plist */ = {isa = PBXFileReference; lastKnownFileType = text.plist.xml; path = Info.plist; sourceTree = "<group>"; };
/* End PBXFileReference section */

/* Begin PBXFrameworksBuildPhase section */
		B4B3E2B62B42D1BB00818B3C /* Frameworks */ = {
			isa = PBXFrameworksBuildPhase;
			buildActionMask = 2147483647;
			files = (
			);
			runOnlyForDeploymentPostprocessing = 0;
		};
/* End PBXFrameworksBuildPhase section */

/* Begin PBXGroup section */
		0DF997672B43AD8F0055C836 /* Models */ = {
			isa = PBXGroup;
			children = (
				0DF997822B463C610055C836 /* Model.swift */,
				0DF997752B43FF820055C836 /* GPTCommentDTO */,
				0DF9976A2B43B1220055C836 /* GPTMessage */,
				0DF9977A2B440A240055C836 /* GPTReplyDTO */,
			);
			path = Models;
			sourceTree = "<group>";
		};
		0DF9976A2B43B1220055C836 /* GPTMessage */ = {
			isa = PBXGroup;
			children = (
				0DF9976E2B43B9370055C836 /* Implements */,
				0DF9976B2B43B13F0055C836 /* Protocol */,
			);
			path = GPTMessage;
			sourceTree = "<group>";
		};
		0DF9976B2B43B13F0055C836 /* Protocol */ = {
			isa = PBXGroup;
			children = (
				0DF9976C2B43B15F0055C836 /* GPTMessagable.swift */,
			);
			path = Protocol;
			sourceTree = "<group>";
		};
		0DF9976E2B43B9370055C836 /* Implements */ = {
			isa = PBXGroup;
			children = (
				0DF997732B43BCC50055C836 /* AssistantMessage.swift */,
				0DF997782B4404480055C836 /* GPTMessage.swift */,
				0DF9976F2B43B9890055C836 /* SystemMessage.swift */,
				0DF997712B43BC590055C836 /* ToolMessage.swift */,
				0DF9977D2B45022A0055C836 /* UserMessage.swift */,
			);
			path = Implements;
			sourceTree = "<group>";
		};
		0DF997752B43FF820055C836 /* GPTCommentDTO */ = {
			isa = PBXGroup;
			children = (
				0DF997762B43FFA10055C836 /* GPTCommentDTO.swift */,
			);
			path = GPTCommentDTO;
			sourceTree = "<group>";
		};
		0DF9977A2B440A240055C836 /* GPTReplyDTO */ = {
			isa = PBXGroup;
			children = (
				0DF9977B2B440B890055C836 /* GPTReplyDTO.swift */,
			);
			path = GPTReplyDTO;
			sourceTree = "<group>";
		};
		0DF9977F2B450E4C0055C836 /* Extensions */ = {
			isa = PBXGroup;
			children = (
				0DF997802B450E8E0055C836 /* Date+Extention.swift */,
			);
			path = Extensions;
			sourceTree = "<group>";
		};
		0DF9978F2B46668E0055C836 /* Networks */ = {
			isa = PBXGroup;
			children = (
				0DF997A62B4680BB0055C836 /* Network.swift */,
				0DF9979D2B467BB50055C836 /* HTTPPublisher */,
				0DF997902B4666A00055C836 /* HTTPRequest */,
			);
			path = Networks;
			sourceTree = "<group>";
		};
		0DF997902B4666A00055C836 /* HTTPRequest */ = {
			isa = PBXGroup;
			children = (
				0DF997912B4666B10055C836 /* Implements */,
				0DF997922B4666C30055C836 /* Protocols */,
			);
			path = HTTPRequest;
			sourceTree = "<group>";
		};
		0DF997912B4666B10055C836 /* Implements */ = {
			isa = PBXGroup;
			children = (
				0DF997952B466D960055C836 /* ContentHTTPRequest.swift */,
				0DF997972B46704F0055C836 /* AuthorizeHTTPRequest.swift */,
				0DF9979B2B46792B0055C836 /* GPTHTTPRequest.swift */,
			);
			path = Implements;
			sourceTree = "<group>";
		};
		0DF997922B4666C30055C836 /* Protocols */ = {
			isa = PBXGroup;
			children = (
				0DF997A42B4680240055C836 /* HTTPRequestable.swift */,
				0DF997992B4672B00055C836 /* HTTPDecoratable.swift */,
			);
			path = Protocols;
			sourceTree = "<group>";
		};
		0DF9979D2B467BB50055C836 /* HTTPPublisher */ = {
			isa = PBXGroup;
			children = (
				0DF9979F2B467BE30055C836 /* Implements */,
				0DF9979E2B467BDB0055C836 /* Protocols */,
			);
			path = HTTPPublisher;
			sourceTree = "<group>";
		};
		0DF9979E2B467BDB0055C836 /* Protocols */ = {
			isa = PBXGroup;
			children = (
			);
			path = Protocols;
			sourceTree = "<group>";
		};
		0DF9979F2B467BE30055C836 /* Implements */ = {
			isa = PBXGroup;
			children = (
			);
			path = Implements;
			sourceTree = "<group>";
		};
		B4B3E2B02B42D1BB00818B3C = {
			isa = PBXGroup;
			children = (
				B4B3E2BB2B42D1BB00818B3C /* ChatBot */,
				B4B3E2BA2B42D1BB00818B3C /* Products */,
			);
			sourceTree = "<group>";
		};
		B4B3E2BA2B42D1BB00818B3C /* Products */ = {
			isa = PBXGroup;
			children = (
				B4B3E2B92B42D1BB00818B3C /* ChatBot.app */,
			);
			name = Products;
			sourceTree = "<group>";
		};
		B4B3E2BB2B42D1BB00818B3C /* ChatBot */ = {
			isa = PBXGroup;
			children = (
				0DF9978F2B46668E0055C836 /* Networks */,
				0DF9977F2B450E4C0055C836 /* Extensions */,
				0DF997672B43AD8F0055C836 /* Models */,
				B4B3E2BC2B42D1BB00818B3C /* AppDelegate.swift */,
				B4B3E2BE2B42D1BB00818B3C /* SceneDelegate.swift */,
				B4B3E2C02B42D1BB00818B3C /* ViewController.swift */,
				B4B3E2C22B42D1BB00818B3C /* Main.storyboard */,
				B4B3E2C52B42D1BC00818B3C /* Assets.xcassets */,
				B4B3E2C72B42D1BC00818B3C /* LaunchScreen.storyboard */,
				B4B3E2CA2B42D1BC00818B3C /* Info.plist */,
			);
			path = ChatBot;
			sourceTree = "<group>";
		};
/* End PBXGroup section */

/* Begin PBXNativeTarget section */
		B4B3E2B82B42D1BB00818B3C /* ChatBot */ = {
			isa = PBXNativeTarget;
			buildConfigurationList = B4B3E2CD2B42D1BC00818B3C /* Build configuration list for PBXNativeTarget "ChatBot" */;
			buildPhases = (
				B4B3E2B52B42D1BB00818B3C /* Sources */,
				B4B3E2B62B42D1BB00818B3C /* Frameworks */,
				B4B3E2B72B42D1BB00818B3C /* Resources */,
			);
			buildRules = (
			);
			dependencies = (
			);
			name = ChatBot;
			productName = ChatBot;
			productReference = B4B3E2B92B42D1BB00818B3C /* ChatBot.app */;
			productType = "com.apple.product-type.application";
		};
/* End PBXNativeTarget section */

/* Begin PBXProject section */
		B4B3E2B12B42D1BB00818B3C /* Project object */ = {
			isa = PBXProject;
			attributes = {
				BuildIndependentTargetsInParallel = 1;
				LastSwiftUpdateCheck = 1500;
				LastUpgradeCheck = 1500;
				TargetAttributes = {
					B4B3E2B82B42D1BB00818B3C = {
						CreatedOnToolsVersion = 15.0.1;
					};
				};
			};
			buildConfigurationList = B4B3E2B42B42D1BB00818B3C /* Build configuration list for PBXProject "ChatBot" */;
			compatibilityVersion = "Xcode 14.0";
			developmentRegion = en;
			hasScannedForEncodings = 0;
			knownRegions = (
				en,
				Base,
			);
			mainGroup = B4B3E2B02B42D1BB00818B3C;
			productRefGroup = B4B3E2BA2B42D1BB00818B3C /* Products */;
			projectDirPath = "";
			projectRoot = "";
			targets = (
				B4B3E2B82B42D1BB00818B3C /* ChatBot */,
			);
		};
/* End PBXProject section */

/* Begin PBXResourcesBuildPhase section */
		B4B3E2B72B42D1BB00818B3C /* Resources */ = {
			isa = PBXResourcesBuildPhase;
			buildActionMask = 2147483647;
			files = (
				B4B3E2C92B42D1BC00818B3C /* LaunchScreen.storyboard in Resources */,
				B4B3E2C62B42D1BC00818B3C /* Assets.xcassets in Resources */,
				B4B3E2C42B42D1BB00818B3C /* Main.storyboard in Resources */,
			);
			runOnlyForDeploymentPostprocessing = 0;
		};
/* End PBXResourcesBuildPhase section */

/* Begin PBXSourcesBuildPhase section */
		B4B3E2B52B42D1BB00818B3C /* Sources */ = {
			isa = PBXSourcesBuildPhase;
			buildActionMask = 2147483647;
			files = (
				0DF997742B43BCC50055C836 /* AssistantMessage.swift in Sources */,
				0DF9977E2B45022A0055C836 /* UserMessage.swift in Sources */,
				0DF997792B4404480055C836 /* GPTMessage.swift in Sources */,
				0DF997772B43FFA10055C836 /* GPTCommentDTO.swift in Sources */,
				0DF9979A2B4672B00055C836 /* HTTPDecoratable.swift in Sources */,
				0DF997A52B4680240055C836 /* HTTPRequestable.swift in Sources */,
				0DF9979C2B46792B0055C836 /* GPTHTTPRequest.swift in Sources */,
				0DF997702B43B9890055C836 /* SystemMessage.swift in Sources */,
				B4B3E2C12B42D1BB00818B3C /* ViewController.swift in Sources */,
				0DF997832B463C610055C836 /* Model.swift in Sources */,
				0DF997962B466D960055C836 /* ContentHTTPRequest.swift in Sources */,
				0DF997982B46704F0055C836 /* AuthorizeHTTPRequest.swift in Sources */,
				0DF997A72B4680BB0055C836 /* Network.swift in Sources */,
				0DF997722B43BC590055C836 /* ToolMessage.swift in Sources */,
				0DF9977C2B440B890055C836 /* GPTReplyDTO.swift in Sources */,
				B4B3E2BD2B42D1BB00818B3C /* AppDelegate.swift in Sources */,
				0DF9976D2B43B15F0055C836 /* GPTMessagable.swift in Sources */,
				0DF997812B450E8E0055C836 /* Date+Extention.swift in Sources */,
				B4B3E2BF2B42D1BB00818B3C /* SceneDelegate.swift in Sources */,
			);
			runOnlyForDeploymentPostprocessing = 0;
		};
/* End PBXSourcesBuildPhase section */

/* Begin PBXVariantGroup section */
		B4B3E2C22B42D1BB00818B3C /* Main.storyboard */ = {
			isa = PBXVariantGroup;
			children = (
				B4B3E2C32B42D1BB00818B3C /* Base */,
			);
			name = Main.storyboard;
			sourceTree = "<group>";
		};
		B4B3E2C72B42D1BC00818B3C /* LaunchScreen.storyboard */ = {
			isa = PBXVariantGroup;
			children = (
				B4B3E2C82B42D1BC00818B3C /* Base */,
			);
			name = LaunchScreen.storyboard;
			sourceTree = "<group>";
		};
/* End PBXVariantGroup section */

/* Begin XCBuildConfiguration section */
		B4B3E2CB2B42D1BC00818B3C /* Debug */ = {
			isa = XCBuildConfiguration;
			buildSettings = {
				ALWAYS_SEARCH_USER_PATHS = NO;
				ASSETCATALOG_COMPILER_GENERATE_SWIFT_ASSET_SYMBOL_EXTENSIONS = YES;
				CLANG_ANALYZER_NONNULL = YES;
				CLANG_ANALYZER_NUMBER_OBJECT_CONVERSION = YES_AGGRESSIVE;
				CLANG_CXX_LANGUAGE_STANDARD = "gnu++20";
				CLANG_ENABLE_MODULES = YES;
				CLANG_ENABLE_OBJC_ARC = YES;
				CLANG_ENABLE_OBJC_WEAK = YES;
				CLANG_WARN_BLOCK_CAPTURE_AUTORELEASING = YES;
				CLANG_WARN_BOOL_CONVERSION = YES;
				CLANG_WARN_COMMA = YES;
				CLANG_WARN_CONSTANT_CONVERSION = YES;
				CLANG_WARN_DEPRECATED_OBJC_IMPLEMENTATIONS = YES;
				CLANG_WARN_DIRECT_OBJC_ISA_USAGE = YES_ERROR;
				CLANG_WARN_DOCUMENTATION_COMMENTS = YES;
				CLANG_WARN_EMPTY_BODY = YES;
				CLANG_WARN_ENUM_CONVERSION = YES;
				CLANG_WARN_INFINITE_RECURSION = YES;
				CLANG_WARN_INT_CONVERSION = YES;
				CLANG_WARN_NON_LITERAL_NULL_CONVERSION = YES;
				CLANG_WARN_OBJC_IMPLICIT_RETAIN_SELF = YES;
				CLANG_WARN_OBJC_LITERAL_CONVERSION = YES;
				CLANG_WARN_OBJC_ROOT_CLASS = YES_ERROR;
				CLANG_WARN_QUOTED_INCLUDE_IN_FRAMEWORK_HEADER = YES;
				CLANG_WARN_RANGE_LOOP_ANALYSIS = YES;
				CLANG_WARN_STRICT_PROTOTYPES = YES;
				CLANG_WARN_SUSPICIOUS_MOVE = YES;
				CLANG_WARN_UNGUARDED_AVAILABILITY = YES_AGGRESSIVE;
				CLANG_WARN_UNREACHABLE_CODE = YES;
				CLANG_WARN__DUPLICATE_METHOD_MATCH = YES;
				COPY_PHASE_STRIP = NO;
				DEBUG_INFORMATION_FORMAT = dwarf;
				ENABLE_STRICT_OBJC_MSGSEND = YES;
				ENABLE_TESTABILITY = YES;
				ENABLE_USER_SCRIPT_SANDBOXING = YES;
				GCC_C_LANGUAGE_STANDARD = gnu17;
				GCC_DYNAMIC_NO_PIC = NO;
				GCC_NO_COMMON_BLOCKS = YES;
				GCC_OPTIMIZATION_LEVEL = 0;
				GCC_PREPROCESSOR_DEFINITIONS = (
					"DEBUG=1",
					"$(inherited)",
				);
				GCC_WARN_64_TO_32_BIT_CONVERSION = YES;
				GCC_WARN_ABOUT_RETURN_TYPE = YES_ERROR;
				GCC_WARN_UNDECLARED_SELECTOR = YES;
				GCC_WARN_UNINITIALIZED_AUTOS = YES_AGGRESSIVE;
				GCC_WARN_UNUSED_FUNCTION = YES;
				GCC_WARN_UNUSED_VARIABLE = YES;
				IPHONEOS_DEPLOYMENT_TARGET = 15.0;
				LOCALIZATION_PREFERS_STRING_CATALOGS = YES;
				MTL_ENABLE_DEBUG_INFO = INCLUDE_SOURCE;
				MTL_FAST_MATH = YES;
				ONLY_ACTIVE_ARCH = YES;
				SDKROOT = iphoneos;
				SWIFT_ACTIVE_COMPILATION_CONDITIONS = "DEBUG $(inherited)";
				SWIFT_OPTIMIZATION_LEVEL = "-Onone";
			};
			name = Debug;
		};
		B4B3E2CC2B42D1BC00818B3C /* Release */ = {
			isa = XCBuildConfiguration;
			buildSettings = {
				ALWAYS_SEARCH_USER_PATHS = NO;
				ASSETCATALOG_COMPILER_GENERATE_SWIFT_ASSET_SYMBOL_EXTENSIONS = YES;
				CLANG_ANALYZER_NONNULL = YES;
				CLANG_ANALYZER_NUMBER_OBJECT_CONVERSION = YES_AGGRESSIVE;
				CLANG_CXX_LANGUAGE_STANDARD = "gnu++20";
				CLANG_ENABLE_MODULES = YES;
				CLANG_ENABLE_OBJC_ARC = YES;
				CLANG_ENABLE_OBJC_WEAK = YES;
				CLANG_WARN_BLOCK_CAPTURE_AUTORELEASING = YES;
				CLANG_WARN_BOOL_CONVERSION = YES;
				CLANG_WARN_COMMA = YES;
				CLANG_WARN_CONSTANT_CONVERSION = YES;
				CLANG_WARN_DEPRECATED_OBJC_IMPLEMENTATIONS = YES;
				CLANG_WARN_DIRECT_OBJC_ISA_USAGE = YES_ERROR;
				CLANG_WARN_DOCUMENTATION_COMMENTS = YES;
				CLANG_WARN_EMPTY_BODY = YES;
				CLANG_WARN_ENUM_CONVERSION = YES;
				CLANG_WARN_INFINITE_RECURSION = YES;
				CLANG_WARN_INT_CONVERSION = YES;
				CLANG_WARN_NON_LITERAL_NULL_CONVERSION = YES;
				CLANG_WARN_OBJC_IMPLICIT_RETAIN_SELF = YES;
				CLANG_WARN_OBJC_LITERAL_CONVERSION = YES;
				CLANG_WARN_OBJC_ROOT_CLASS = YES_ERROR;
				CLANG_WARN_QUOTED_INCLUDE_IN_FRAMEWORK_HEADER = YES;
				CLANG_WARN_RANGE_LOOP_ANALYSIS = YES;
				CLANG_WARN_STRICT_PROTOTYPES = YES;
				CLANG_WARN_SUSPICIOUS_MOVE = YES;
				CLANG_WARN_UNGUARDED_AVAILABILITY = YES_AGGRESSIVE;
				CLANG_WARN_UNREACHABLE_CODE = YES;
				CLANG_WARN__DUPLICATE_METHOD_MATCH = YES;
				COPY_PHASE_STRIP = NO;
				DEBUG_INFORMATION_FORMAT = "dwarf-with-dsym";
				ENABLE_NS_ASSERTIONS = NO;
				ENABLE_STRICT_OBJC_MSGSEND = YES;
				ENABLE_USER_SCRIPT_SANDBOXING = YES;
				GCC_C_LANGUAGE_STANDARD = gnu17;
				GCC_NO_COMMON_BLOCKS = YES;
				GCC_WARN_64_TO_32_BIT_CONVERSION = YES;
				GCC_WARN_ABOUT_RETURN_TYPE = YES_ERROR;
				GCC_WARN_UNDECLARED_SELECTOR = YES;
				GCC_WARN_UNINITIALIZED_AUTOS = YES_AGGRESSIVE;
				GCC_WARN_UNUSED_FUNCTION = YES;
				GCC_WARN_UNUSED_VARIABLE = YES;
				IPHONEOS_DEPLOYMENT_TARGET = 15.0;
				LOCALIZATION_PREFERS_STRING_CATALOGS = YES;
				MTL_ENABLE_DEBUG_INFO = NO;
				MTL_FAST_MATH = YES;
				SDKROOT = iphoneos;
				SWIFT_COMPILATION_MODE = wholemodule;
				VALIDATE_PRODUCT = YES;
			};
			name = Release;
		};
		B4B3E2CE2B42D1BC00818B3C /* Debug */ = {
			isa = XCBuildConfiguration;
			buildSettings = {
				ASSETCATALOG_COMPILER_APPICON_NAME = AppIcon;
				ASSETCATALOG_COMPILER_GLOBAL_ACCENT_COLOR_NAME = AccentColor;
				CODE_SIGN_STYLE = Automatic;
				CURRENT_PROJECT_VERSION = 1;
				DEVELOPMENT_TEAM = W9647FYSN7;
				GENERATE_INFOPLIST_FILE = YES;
				INFOPLIST_FILE = ChatBot/Info.plist;
				INFOPLIST_KEY_UIApplicationSupportsIndirectInputEvents = YES;
				INFOPLIST_KEY_UILaunchStoryboardName = LaunchScreen;
				INFOPLIST_KEY_UIMainStoryboardFile = Main;
				INFOPLIST_KEY_UISupportedInterfaceOrientations_iPad = "UIInterfaceOrientationPortrait UIInterfaceOrientationPortraitUpsideDown UIInterfaceOrientationLandscapeLeft UIInterfaceOrientationLandscapeRight";
				INFOPLIST_KEY_UISupportedInterfaceOrientations_iPhone = "UIInterfaceOrientationPortrait UIInterfaceOrientationLandscapeLeft UIInterfaceOrientationLandscapeRight";
				IPHONEOS_DEPLOYMENT_TARGET = 15.0;
				LD_RUNPATH_SEARCH_PATHS = (
					"$(inherited)",
					"@executable_path/Frameworks",
				);
				MARKETING_VERSION = 1.0;
				PRODUCT_BUNDLE_IDENTIFIER = com.tacocat.ChatBot;
				PRODUCT_NAME = "$(TARGET_NAME)";
				SWIFT_EMIT_LOC_STRINGS = YES;
				SWIFT_VERSION = 5.0;
				TARGETED_DEVICE_FAMILY = "1,2";
			};
			name = Debug;
		};
		B4B3E2CF2B42D1BC00818B3C /* Release */ = {
			isa = XCBuildConfiguration;
			buildSettings = {
				ASSETCATALOG_COMPILER_APPICON_NAME = AppIcon;
				ASSETCATALOG_COMPILER_GLOBAL_ACCENT_COLOR_NAME = AccentColor;
				CODE_SIGN_STYLE = Automatic;
				CURRENT_PROJECT_VERSION = 1;
				DEVELOPMENT_TEAM = W9647FYSN7;
				GENERATE_INFOPLIST_FILE = YES;
				INFOPLIST_FILE = ChatBot/Info.plist;
				INFOPLIST_KEY_UIApplicationSupportsIndirectInputEvents = YES;
				INFOPLIST_KEY_UILaunchStoryboardName = LaunchScreen;
				INFOPLIST_KEY_UIMainStoryboardFile = Main;
				INFOPLIST_KEY_UISupportedInterfaceOrientations_iPad = "UIInterfaceOrientationPortrait UIInterfaceOrientationPortraitUpsideDown UIInterfaceOrientationLandscapeLeft UIInterfaceOrientationLandscapeRight";
				INFOPLIST_KEY_UISupportedInterfaceOrientations_iPhone = "UIInterfaceOrientationPortrait UIInterfaceOrientationLandscapeLeft UIInterfaceOrientationLandscapeRight";
				IPHONEOS_DEPLOYMENT_TARGET = 15.0;
				LD_RUNPATH_SEARCH_PATHS = (
					"$(inherited)",
					"@executable_path/Frameworks",
				);
				MARKETING_VERSION = 1.0;
				PRODUCT_BUNDLE_IDENTIFIER = com.tacocat.ChatBot;
				PRODUCT_NAME = "$(TARGET_NAME)";
				SWIFT_EMIT_LOC_STRINGS = YES;
				SWIFT_VERSION = 5.0;
				TARGETED_DEVICE_FAMILY = "1,2";
			};
			name = Release;
		};
/* End XCBuildConfiguration section */

/* Begin XCConfigurationList section */
		B4B3E2B42B42D1BB00818B3C /* Build configuration list for PBXProject "ChatBot" */ = {
			isa = XCConfigurationList;
			buildConfigurations = (
				B4B3E2CB2B42D1BC00818B3C /* Debug */,
				B4B3E2CC2B42D1BC00818B3C /* Release */,
			);
			defaultConfigurationIsVisible = 0;
			defaultConfigurationName = Release;
		};
		B4B3E2CD2B42D1BC00818B3C /* Build configuration list for PBXNativeTarget "ChatBot" */ = {
			isa = XCConfigurationList;
			buildConfigurations = (
				B4B3E2CE2B42D1BC00818B3C /* Debug */,
				B4B3E2CF2B42D1BC00818B3C /* Release */,
			);
			defaultConfigurationIsVisible = 0;
			defaultConfigurationName = Release;
		};
/* End XCConfigurationList section */
	};
	rootObject = B4B3E2B12B42D1BB00818B3C /* Project object */;
}
