// !$*UTF8*$!
{
	archiveVersion = 1;
	classes = {
	};
	objectVersion = 56;
	objects = {

/* Begin PBXBuildFile section */
		0D3260012B576362000C352E /* ChatRoomError.swift in Sources */ = {isa = PBXBuildFile; fileRef = 0D3260002B576362000C352E /* ChatRoomError.swift */; };
		0D3260042B576BC9000C352E /* BezierPath+extension.swift in Sources */ = {isa = PBXBuildFile; fileRef = 0D3260032B576BC9000C352E /* BezierPath+extension.swift */; };
		0D3260062B57724B000C352E /* AppEnviroment.swift in Sources */ = {isa = PBXBuildFile; fileRef = 0D3260052B57724B000C352E /* AppEnviroment.swift */; };
		0D32600C2B58B859000C352E /* ViewModelable.swift in Sources */ = {isa = PBXBuildFile; fileRef = 0D32600B2B58B859000C352E /* ViewModelable.swift */; };
		0D3260142B5A08DD000C352E /* ChatBotCoreData.xcdatamodeld in Sources */ = {isa = PBXBuildFile; fileRef = 0D3260122B5A08DD000C352E /* ChatBotCoreData.xcdatamodeld */; };
		0D3260162B5A0A56000C352E /* ChatRoomRepositable.swift in Sources */ = {isa = PBXBuildFile; fileRef = 0D3260152B5A0A56000C352E /* ChatRoomRepositable.swift */; };
		0D32601A2B5A0E6C000C352E /* CoreDataRepository.swift in Sources */ = {isa = PBXBuildFile; fileRef = 0D3260192B5A0E6C000C352E /* CoreDataRepository.swift */; };
		0D32601C2B5A1523000C352E /* Repository.swift in Sources */ = {isa = PBXBuildFile; fileRef = 0D32601B2B5A1523000C352E /* Repository.swift */; };
		0D32601F2B5A1651000C352E /* GPTChatRoom.swift in Sources */ = {isa = PBXBuildFile; fileRef = 0D32601E2B5A1651000C352E /* GPTChatRoom.swift */; };
		0D3260232B5A195C000C352E /* CoreDataChatRoomRepository.swift in Sources */ = {isa = PBXBuildFile; fileRef = 0D3260222B5A195C000C352E /* CoreDataChatRoomRepository.swift */; };
		0D3260282B5A24CA000C352E /* ChatRoom+CoreDataClass.swift in Sources */ = {isa = PBXBuildFile; fileRef = 0D3260242B5A24CA000C352E /* ChatRoom+CoreDataClass.swift */; };
		0D3260292B5A24CA000C352E /* ChatRoom+CoreDataProperties.swift in Sources */ = {isa = PBXBuildFile; fileRef = 0D3260252B5A24CA000C352E /* ChatRoom+CoreDataProperties.swift */; };
		0D32602A2B5A24CA000C352E /* Chatting+CoreDataClass.swift in Sources */ = {isa = PBXBuildFile; fileRef = 0D3260262B5A24CA000C352E /* Chatting+CoreDataClass.swift */; };
		0D32602B2B5A24CA000C352E /* Chatting+CoreDataProperties.swift in Sources */ = {isa = PBXBuildFile; fileRef = 0D3260272B5A24CA000C352E /* Chatting+CoreDataProperties.swift */; };
		0D32602D2B5A2B92000C352E /* RepositoryError.swift in Sources */ = {isa = PBXBuildFile; fileRef = 0D32602C2B5A2B92000C352E /* RepositoryError.swift */; };
		0D32603A2B5A3505000C352E /* ChatBotRepositoryTests.swift in Sources */ = {isa = PBXBuildFile; fileRef = 0D3260392B5A3505000C352E /* ChatBotRepositoryTests.swift */; };
		0D32603D2B5A3691000C352E /* MockChatRoom.swift in Sources */ = {isa = PBXBuildFile; fileRef = 0D32603C2B5A3691000C352E /* MockChatRoom.swift */; };
		0D843AD82B4B986D00F4EAD2 /* URLSession+HTTPPublishable.swift in Sources */ = {isa = PBXBuildFile; fileRef = 0D843AD72B4B986D00F4EAD2 /* URLSession+HTTPPublishable.swift */; };
		0D843ADB2B4B98C900F4EAD2 /* GPTHTTPService.swift in Sources */ = {isa = PBXBuildFile; fileRef = 0D843ADA2B4B98C900F4EAD2 /* GPTHTTPService.swift */; };
		0D843ADD2B4B992500F4EAD2 /* DataDecoderable.swift in Sources */ = {isa = PBXBuildFile; fileRef = 0D843ADC2B4B992500F4EAD2 /* DataDecoderable.swift */; };
		0D843AE22B4B99C000F4EAD2 /* JSONDecoder+DataDecoderable.swift in Sources */ = {isa = PBXBuildFile; fileRef = 0D843AE12B4B99C000F4EAD2 /* JSONDecoder+DataDecoderable.swift */; };
		0D843AE72B4BA66600F4EAD2 /* DataEncoderable.swift in Sources */ = {isa = PBXBuildFile; fileRef = 0D843AE62B4BA66600F4EAD2 /* DataEncoderable.swift */; };
		0D843AE92B4BA6D300F4EAD2 /* JSONEncoder+DataEncoderable.swift in Sources */ = {isa = PBXBuildFile; fileRef = 0D843AE82B4BA6D300F4EAD2 /* JSONEncoder+DataEncoderable.swift */; };
		0D843AF72B4CE94700F4EAD2 /* ChatBotNetworkTests.swift in Sources */ = {isa = PBXBuildFile; fileRef = 0D843AF62B4CE94700F4EAD2 /* ChatBotNetworkTests.swift */; };
		0D843B072B4D016000F4EAD2 /* HTTPServicable.swift in Sources */ = {isa = PBXBuildFile; fileRef = 0D843B062B4D016000F4EAD2 /* HTTPServicable.swift */; };
		0D843B092B4D02DB00F4EAD2 /* MockHTTPPublisher.swift in Sources */ = {isa = PBXBuildFile; fileRef = 0D843B082B4D02DB00F4EAD2 /* MockHTTPPublisher.swift */; };
		0D843B0C2B4D042800F4EAD2 /* GPTReplyMock.json in Resources */ = {isa = PBXBuildFile; fileRef = 0D843B0B2B4D042800F4EAD2 /* GPTReplyMock.json */; };
		0D843B112B4D0B8100F4EAD2 /* MockHTTPRequest.swift in Sources */ = {isa = PBXBuildFile; fileRef = 0D843B102B4D0B8100F4EAD2 /* MockHTTPRequest.swift */; };
		0D843B142B4D142B00F4EAD2 /* JSONFetcher.swift in Sources */ = {isa = PBXBuildFile; fileRef = 0D843B132B4D142B00F4EAD2 /* JSONFetcher.swift */; };
		0D843B1A2B4E88AC00F4EAD2 /* GPTRequest.swift in Sources */ = {isa = PBXBuildFile; fileRef = 0D843B192B4E88AC00F4EAD2 /* GPTRequest.swift */; };
		0D843B292B4FB16200F4EAD2 /* GPTChatRoomVMProtocol.swift in Sources */ = {isa = PBXBuildFile; fileRef = 0D843B282B4FB16200F4EAD2 /* GPTChatRoomVMProtocol.swift */; };
		0D843B2B2B4FB5C700F4EAD2 /* GPTChatRoomViewModel.swift in Sources */ = {isa = PBXBuildFile; fileRef = 0D843B2A2B4FB5C700F4EAD2 /* GPTChatRoomViewModel.swift */; };
		0D843B302B4FF08400F4EAD2 /* GPTChatRoomCell.swift in Sources */ = {isa = PBXBuildFile; fileRef = 0D843B2F2B4FF08400F4EAD2 /* GPTChatRoomCell.swift */; };
		0D843B342B50CFAD00F4EAD2 /* WaitingMessage.swift in Sources */ = {isa = PBXBuildFile; fileRef = 0D843B332B50CFAD00F4EAD2 /* WaitingMessage.swift */; };
		0D843B392B511F0A00F4EAD2 /* UIChatBubbleView.swift in Sources */ = {isa = PBXBuildFile; fileRef = 0D843B382B511F0A00F4EAD2 /* UIChatBubbleView.swift */; };
		0DF9976D2B43B15F0055C836 /* GPTMessagable.swift in Sources */ = {isa = PBXBuildFile; fileRef = 0DF9976C2B43B15F0055C836 /* GPTMessagable.swift */; };
		0DF997702B43B9890055C836 /* SystemMessage.swift in Sources */ = {isa = PBXBuildFile; fileRef = 0DF9976F2B43B9890055C836 /* SystemMessage.swift */; };
		0DF997722B43BC590055C836 /* ToolMessage.swift in Sources */ = {isa = PBXBuildFile; fileRef = 0DF997712B43BC590055C836 /* ToolMessage.swift */; };
		0DF997742B43BCC50055C836 /* AssistantMessage.swift in Sources */ = {isa = PBXBuildFile; fileRef = 0DF997732B43BCC50055C836 /* AssistantMessage.swift */; };
		0DF997772B43FFA10055C836 /* GPTCommentDTO.swift in Sources */ = {isa = PBXBuildFile; fileRef = 0DF997762B43FFA10055C836 /* GPTCommentDTO.swift */; };
		0DF997792B4404480055C836 /* GPTMessage.swift in Sources */ = {isa = PBXBuildFile; fileRef = 0DF997782B4404480055C836 /* GPTMessage.swift */; };
		0DF9977C2B440B890055C836 /* GPTReplyDTO.swift in Sources */ = {isa = PBXBuildFile; fileRef = 0DF9977B2B440B890055C836 /* GPTReplyDTO.swift */; };
		0DF9977E2B45022A0055C836 /* UserMessage.swift in Sources */ = {isa = PBXBuildFile; fileRef = 0DF9977D2B45022A0055C836 /* UserMessage.swift */; };
		0DF997812B450E8E0055C836 /* Date+Extention.swift in Sources */ = {isa = PBXBuildFile; fileRef = 0DF997802B450E8E0055C836 /* Date+Extention.swift */; };
		0DF997832B463C610055C836 /* Model.swift in Sources */ = {isa = PBXBuildFile; fileRef = 0DF997822B463C610055C836 /* Model.swift */; };
		0DF997A52B4680240055C836 /* HTTPRequestable.swift in Sources */ = {isa = PBXBuildFile; fileRef = 0DF997A42B4680240055C836 /* HTTPRequestable.swift */; };
		0DF997A72B4680BB0055C836 /* Network.swift in Sources */ = {isa = PBXBuildFile; fileRef = 0DF997A62B4680BB0055C836 /* Network.swift */; };
		0DF997A92B46D8B60055C836 /* HTTPPublishable.swift in Sources */ = {isa = PBXBuildFile; fileRef = 0DF997A82B46D8B60055C836 /* HTTPPublishable.swift */; };
		0DF997AF2B479BA80055C836 /* GPTError.swift in Sources */ = {isa = PBXBuildFile; fileRef = 0DF997AE2B479BA80055C836 /* GPTError.swift */; };
		0DF997B52B479C0A0055C836 /* HTTPError.swift in Sources */ = {isa = PBXBuildFile; fileRef = 0DF997B42B479C0A0055C836 /* HTTPError.swift */; };
		B4B3E2BD2B42D1BB00818B3C /* AppDelegate.swift in Sources */ = {isa = PBXBuildFile; fileRef = B4B3E2BC2B42D1BB00818B3C /* AppDelegate.swift */; };
		B4B3E2BF2B42D1BB00818B3C /* SceneDelegate.swift in Sources */ = {isa = PBXBuildFile; fileRef = B4B3E2BE2B42D1BB00818B3C /* SceneDelegate.swift */; };
		B4B3E2C12B42D1BB00818B3C /* GPTChattingViewController.swift in Sources */ = {isa = PBXBuildFile; fileRef = B4B3E2C02B42D1BB00818B3C /* GPTChattingViewController.swift */; };
		B4B3E2C62B42D1BC00818B3C /* Assets.xcassets in Resources */ = {isa = PBXBuildFile; fileRef = B4B3E2C52B42D1BC00818B3C /* Assets.xcassets */; };
		B4B3E2C92B42D1BC00818B3C /* LaunchScreen.storyboard in Resources */ = {isa = PBXBuildFile; fileRef = B4B3E2C72B42D1BC00818B3C /* LaunchScreen.storyboard */; };
/* End PBXBuildFile section */

/* Begin PBXContainerItemProxy section */
		0D843AF82B4CE94700F4EAD2 /* PBXContainerItemProxy */ = {
			isa = PBXContainerItemProxy;
			containerPortal = B4B3E2B12B42D1BB00818B3C /* Project object */;
			proxyType = 1;
			remoteGlobalIDString = B4B3E2B82B42D1BB00818B3C;
			remoteInfo = ChatBot;
		};
/* End PBXContainerItemProxy section */

/* Begin PBXFileReference section */
		0D3260002B576362000C352E /* ChatRoomError.swift */ = {isa = PBXFileReference; lastKnownFileType = sourcecode.swift; path = ChatRoomError.swift; sourceTree = "<group>"; };
		0D3260032B576BC9000C352E /* BezierPath+extension.swift */ = {isa = PBXFileReference; lastKnownFileType = sourcecode.swift; path = "BezierPath+extension.swift"; sourceTree = "<group>"; };
		0D3260052B57724B000C352E /* AppEnviroment.swift */ = {isa = PBXFileReference; lastKnownFileType = sourcecode.swift; path = AppEnviroment.swift; sourceTree = "<group>"; };
		0D32600B2B58B859000C352E /* ViewModelable.swift */ = {isa = PBXFileReference; lastKnownFileType = sourcecode.swift; path = ViewModelable.swift; sourceTree = "<group>"; };
		0D3260132B5A08DD000C352E /* ChatBotCoreData.xcdatamodel */ = {isa = PBXFileReference; lastKnownFileType = wrapper.xcdatamodel; path = ChatBotCoreData.xcdatamodel; sourceTree = "<group>"; };
		0D3260152B5A0A56000C352E /* ChatRoomRepositable.swift */ = {isa = PBXFileReference; lastKnownFileType = sourcecode.swift; path = ChatRoomRepositable.swift; sourceTree = "<group>"; };
		0D3260192B5A0E6C000C352E /* CoreDataRepository.swift */ = {isa = PBXFileReference; lastKnownFileType = sourcecode.swift; path = CoreDataRepository.swift; sourceTree = "<group>"; };
		0D32601B2B5A1523000C352E /* Repository.swift */ = {isa = PBXFileReference; lastKnownFileType = sourcecode.swift; path = Repository.swift; sourceTree = "<group>"; };
		0D32601E2B5A1651000C352E /* GPTChatRoom.swift */ = {isa = PBXFileReference; lastKnownFileType = sourcecode.swift; path = GPTChatRoom.swift; sourceTree = "<group>"; };
		0D3260222B5A195C000C352E /* CoreDataChatRoomRepository.swift */ = {isa = PBXFileReference; lastKnownFileType = sourcecode.swift; path = CoreDataChatRoomRepository.swift; sourceTree = "<group>"; };
		0D3260242B5A24CA000C352E /* ChatRoom+CoreDataClass.swift */ = {isa = PBXFileReference; lastKnownFileType = sourcecode.swift; path = "ChatRoom+CoreDataClass.swift"; sourceTree = "<group>"; };
		0D3260252B5A24CA000C352E /* ChatRoom+CoreDataProperties.swift */ = {isa = PBXFileReference; lastKnownFileType = sourcecode.swift; path = "ChatRoom+CoreDataProperties.swift"; sourceTree = "<group>"; };
		0D3260262B5A24CA000C352E /* Chatting+CoreDataClass.swift */ = {isa = PBXFileReference; lastKnownFileType = sourcecode.swift; path = "Chatting+CoreDataClass.swift"; sourceTree = "<group>"; };
		0D3260272B5A24CA000C352E /* Chatting+CoreDataProperties.swift */ = {isa = PBXFileReference; lastKnownFileType = sourcecode.swift; path = "Chatting+CoreDataProperties.swift"; sourceTree = "<group>"; };
		0D32602C2B5A2B92000C352E /* RepositoryError.swift */ = {isa = PBXFileReference; lastKnownFileType = sourcecode.swift; path = RepositoryError.swift; sourceTree = "<group>"; };
		0D3260392B5A3505000C352E /* ChatBotRepositoryTests.swift */ = {isa = PBXFileReference; lastKnownFileType = sourcecode.swift; path = ChatBotRepositoryTests.swift; sourceTree = "<group>"; };
		0D32603C2B5A3691000C352E /* MockChatRoom.swift */ = {isa = PBXFileReference; lastKnownFileType = sourcecode.swift; path = MockChatRoom.swift; sourceTree = "<group>"; };
		0D843AD72B4B986D00F4EAD2 /* URLSession+HTTPPublishable.swift */ = {isa = PBXFileReference; lastKnownFileType = sourcecode.swift; path = "URLSession+HTTPPublishable.swift"; sourceTree = "<group>"; };
		0D843ADA2B4B98C900F4EAD2 /* GPTHTTPService.swift */ = {isa = PBXFileReference; lastKnownFileType = sourcecode.swift; path = GPTHTTPService.swift; sourceTree = "<group>"; };
		0D843ADC2B4B992500F4EAD2 /* DataDecoderable.swift */ = {isa = PBXFileReference; lastKnownFileType = sourcecode.swift; path = DataDecoderable.swift; sourceTree = "<group>"; };
		0D843AE12B4B99C000F4EAD2 /* JSONDecoder+DataDecoderable.swift */ = {isa = PBXFileReference; lastKnownFileType = sourcecode.swift; path = "JSONDecoder+DataDecoderable.swift"; sourceTree = "<group>"; };
		0D843AE62B4BA66600F4EAD2 /* DataEncoderable.swift */ = {isa = PBXFileReference; lastKnownFileType = sourcecode.swift; path = DataEncoderable.swift; sourceTree = "<group>"; };
		0D843AE82B4BA6D300F4EAD2 /* JSONEncoder+DataEncoderable.swift */ = {isa = PBXFileReference; lastKnownFileType = sourcecode.swift; path = "JSONEncoder+DataEncoderable.swift"; sourceTree = "<group>"; };
		0D843AF42B4CE94700F4EAD2 /* ChatBotTests.xctest */ = {isa = PBXFileReference; explicitFileType = wrapper.cfbundle; includeInIndex = 0; path = ChatBotTests.xctest; sourceTree = BUILT_PRODUCTS_DIR; };
		0D843AF62B4CE94700F4EAD2 /* ChatBotNetworkTests.swift */ = {isa = PBXFileReference; lastKnownFileType = sourcecode.swift; path = ChatBotNetworkTests.swift; sourceTree = "<group>"; };
		0D843B062B4D016000F4EAD2 /* HTTPServicable.swift */ = {isa = PBXFileReference; lastKnownFileType = sourcecode.swift; path = HTTPServicable.swift; sourceTree = "<group>"; };
		0D843B082B4D02DB00F4EAD2 /* MockHTTPPublisher.swift */ = {isa = PBXFileReference; lastKnownFileType = sourcecode.swift; path = MockHTTPPublisher.swift; sourceTree = "<group>"; };
		0D843B0B2B4D042800F4EAD2 /* GPTReplyMock.json */ = {isa = PBXFileReference; lastKnownFileType = text.json; path = GPTReplyMock.json; sourceTree = "<group>"; };
		0D843B102B4D0B8100F4EAD2 /* MockHTTPRequest.swift */ = {isa = PBXFileReference; lastKnownFileType = sourcecode.swift; path = MockHTTPRequest.swift; sourceTree = "<group>"; };
		0D843B132B4D142B00F4EAD2 /* JSONFetcher.swift */ = {isa = PBXFileReference; lastKnownFileType = sourcecode.swift; path = JSONFetcher.swift; sourceTree = "<group>"; };
		0D843B162B4D260800F4EAD2 /* GPTKeys.xcconfig */ = {isa = PBXFileReference; lastKnownFileType = text.xcconfig; path = GPTKeys.xcconfig; sourceTree = "<group>"; };
		0D843B192B4E88AC00F4EAD2 /* GPTRequest.swift */ = {isa = PBXFileReference; lastKnownFileType = sourcecode.swift; path = GPTRequest.swift; sourceTree = "<group>"; };
		0D843B282B4FB16200F4EAD2 /* GPTChatRoomVMProtocol.swift */ = {isa = PBXFileReference; lastKnownFileType = sourcecode.swift; path = GPTChatRoomVMProtocol.swift; sourceTree = "<group>"; };
		0D843B2A2B4FB5C700F4EAD2 /* GPTChatRoomViewModel.swift */ = {isa = PBXFileReference; lastKnownFileType = sourcecode.swift; path = GPTChatRoomViewModel.swift; sourceTree = "<group>"; };
		0D843B2F2B4FF08400F4EAD2 /* GPTChatRoomCell.swift */ = {isa = PBXFileReference; lastKnownFileType = sourcecode.swift; path = GPTChatRoomCell.swift; sourceTree = "<group>"; };
		0D843B332B50CFAD00F4EAD2 /* WaitingMessage.swift */ = {isa = PBXFileReference; lastKnownFileType = sourcecode.swift; path = WaitingMessage.swift; sourceTree = "<group>"; };
		0D843B382B511F0A00F4EAD2 /* UIChatBubbleView.swift */ = {isa = PBXFileReference; lastKnownFileType = sourcecode.swift; path = UIChatBubbleView.swift; sourceTree = "<group>"; };
		0DF9976C2B43B15F0055C836 /* GPTMessagable.swift */ = {isa = PBXFileReference; lastKnownFileType = sourcecode.swift; path = GPTMessagable.swift; sourceTree = "<group>"; };
		0DF9976F2B43B9890055C836 /* SystemMessage.swift */ = {isa = PBXFileReference; lastKnownFileType = sourcecode.swift; path = SystemMessage.swift; sourceTree = "<group>"; };
		0DF997712B43BC590055C836 /* ToolMessage.swift */ = {isa = PBXFileReference; lastKnownFileType = sourcecode.swift; path = ToolMessage.swift; sourceTree = "<group>"; };
		0DF997732B43BCC50055C836 /* AssistantMessage.swift */ = {isa = PBXFileReference; lastKnownFileType = sourcecode.swift; path = AssistantMessage.swift; sourceTree = "<group>"; };
		0DF997762B43FFA10055C836 /* GPTCommentDTO.swift */ = {isa = PBXFileReference; lastKnownFileType = sourcecode.swift; path = GPTCommentDTO.swift; sourceTree = "<group>"; };
		0DF997782B4404480055C836 /* GPTMessage.swift */ = {isa = PBXFileReference; lastKnownFileType = sourcecode.swift; path = GPTMessage.swift; sourceTree = "<group>"; };
		0DF9977B2B440B890055C836 /* GPTReplyDTO.swift */ = {isa = PBXFileReference; lastKnownFileType = sourcecode.swift; path = GPTReplyDTO.swift; sourceTree = "<group>"; };
		0DF9977D2B45022A0055C836 /* UserMessage.swift */ = {isa = PBXFileReference; lastKnownFileType = sourcecode.swift; path = UserMessage.swift; sourceTree = "<group>"; };
		0DF997802B450E8E0055C836 /* Date+Extention.swift */ = {isa = PBXFileReference; lastKnownFileType = sourcecode.swift; path = "Date+Extention.swift"; sourceTree = "<group>"; };
		0DF997822B463C610055C836 /* Model.swift */ = {isa = PBXFileReference; lastKnownFileType = sourcecode.swift; path = Model.swift; sourceTree = "<group>"; };
		0DF997A42B4680240055C836 /* HTTPRequestable.swift */ = {isa = PBXFileReference; fileEncoding = 4; lastKnownFileType = sourcecode.swift; path = HTTPRequestable.swift; sourceTree = "<group>"; };
		0DF997A62B4680BB0055C836 /* Network.swift */ = {isa = PBXFileReference; lastKnownFileType = sourcecode.swift; path = Network.swift; sourceTree = "<group>"; };
		0DF997A82B46D8B60055C836 /* HTTPPublishable.swift */ = {isa = PBXFileReference; lastKnownFileType = sourcecode.swift; path = HTTPPublishable.swift; sourceTree = "<group>"; };
		0DF997AE2B479BA80055C836 /* GPTError.swift */ = {isa = PBXFileReference; lastKnownFileType = sourcecode.swift; path = GPTError.swift; sourceTree = "<group>"; };
		0DF997B42B479C0A0055C836 /* HTTPError.swift */ = {isa = PBXFileReference; lastKnownFileType = sourcecode.swift; path = HTTPError.swift; sourceTree = "<group>"; };
		B4B3E2B92B42D1BB00818B3C /* ChatBot.app */ = {isa = PBXFileReference; explicitFileType = wrapper.application; includeInIndex = 0; path = ChatBot.app; sourceTree = BUILT_PRODUCTS_DIR; };
		B4B3E2BC2B42D1BB00818B3C /* AppDelegate.swift */ = {isa = PBXFileReference; lastKnownFileType = sourcecode.swift; path = AppDelegate.swift; sourceTree = "<group>"; };
		B4B3E2BE2B42D1BB00818B3C /* SceneDelegate.swift */ = {isa = PBXFileReference; lastKnownFileType = sourcecode.swift; path = SceneDelegate.swift; sourceTree = "<group>"; };
		B4B3E2C02B42D1BB00818B3C /* GPTChattingViewController.swift */ = {isa = PBXFileReference; lastKnownFileType = sourcecode.swift; path = GPTChattingViewController.swift; sourceTree = "<group>"; };
		B4B3E2C52B42D1BC00818B3C /* Assets.xcassets */ = {isa = PBXFileReference; lastKnownFileType = folder.assetcatalog; path = Assets.xcassets; sourceTree = "<group>"; };
		B4B3E2C82B42D1BC00818B3C /* Base */ = {isa = PBXFileReference; lastKnownFileType = file.storyboard; name = Base; path = Base.lproj/LaunchScreen.storyboard; sourceTree = "<group>"; };
		B4B3E2CA2B42D1BC00818B3C /* Info.plist */ = {isa = PBXFileReference; lastKnownFileType = text.plist.xml; path = Info.plist; sourceTree = "<group>"; };
/* End PBXFileReference section */

/* Begin PBXFrameworksBuildPhase section */
		0D843AF12B4CE94700F4EAD2 /* Frameworks */ = {
			isa = PBXFrameworksBuildPhase;
			buildActionMask = 2147483647;
			files = (
			);
			runOnlyForDeploymentPostprocessing = 0;
		};
		B4B3E2B62B42D1BB00818B3C /* Frameworks */ = {
			isa = PBXFrameworksBuildPhase;
			buildActionMask = 2147483647;
			files = (
			);
			runOnlyForDeploymentPostprocessing = 0;
		};
/* End PBXFrameworksBuildPhase section */

/* Begin PBXGroup section */
		0D3260022B576B86000C352E /* Extension */ = {
			isa = PBXGroup;
			children = (
				0D3260032B576BC9000C352E /* BezierPath+extension.swift */,
			);
			path = Extension;
			sourceTree = "<group>";
		};
		0D32600D2B5A085D000C352E /* Repository */ = {
			isa = PBXGroup;
			children = (
				0D3260202B5A18D0000C352E /* ChatRoomRepository */,
				0D3260182B5A0E4B000C352E /* CoreDataRepository */,
				0D32601B2B5A1523000C352E /* Repository.swift */,
			);
			path = Repository;
			sourceTree = "<group>";
		};
		0D3260172B5A0A8D000C352E /* Protocols */ = {
			isa = PBXGroup;
			children = (
				0D3260152B5A0A56000C352E /* ChatRoomRepositable.swift */,
			);
			path = Protocols;
			sourceTree = "<group>";
		};
		0D3260182B5A0E4B000C352E /* CoreDataRepository */ = {
			isa = PBXGroup;
			children = (
				0D3260192B5A0E6C000C352E /* CoreDataRepository.swift */,
			);
			path = CoreDataRepository;
			sourceTree = "<group>";
		};
		0D32601D2B5A1637000C352E /* GPTChatRoomDTO */ = {
			isa = PBXGroup;
			children = (
				0D32601E2B5A1651000C352E /* GPTChatRoom.swift */,
			);
			path = GPTChatRoomDTO;
			sourceTree = "<group>";
		};
		0D3260202B5A18D0000C352E /* ChatRoomRepository */ = {
			isa = PBXGroup;
			children = (
				0D3260212B5A1902000C352E /* Implements */,
				0D3260172B5A0A8D000C352E /* Protocols */,
			);
			path = ChatRoomRepository;
			sourceTree = "<group>";
		};
		0D3260212B5A1902000C352E /* Implements */ = {
			isa = PBXGroup;
			children = (
				0D3260222B5A195C000C352E /* CoreDataChatRoomRepository.swift */,
			);
			path = Implements;
			sourceTree = "<group>";
		};
		0D32603B2B5A354F000C352E /* Tests */ = {
			isa = PBXGroup;
			children = (
				0D3260392B5A3505000C352E /* ChatBotRepositoryTests.swift */,
				0D843AF62B4CE94700F4EAD2 /* ChatBotNetworkTests.swift */,
			);
			path = Tests;
			sourceTree = "<group>";
		};
		0D843AD92B4B98B200F4EAD2 /* HTTPService */ = {
			isa = PBXGroup;
			children = (
				0D843B042B4D013E00F4EAD2 /* Implements */,
				0D843B052B4D015100F4EAD2 /* Protocols */,
			);
			path = HTTPService;
			sourceTree = "<group>";
		};
		0D843ADE2B4B997600F4EAD2 /* DataDecoder */ = {
			isa = PBXGroup;
			children = (
				0D843AE02B4B999300F4EAD2 /* Implements */,
				0D843ADF2B4B998300F4EAD2 /* Protocols */,
			);
			path = DataDecoder;
			sourceTree = "<group>";
		};
		0D843ADF2B4B998300F4EAD2 /* Protocols */ = {
			isa = PBXGroup;
			children = (
				0D843ADC2B4B992500F4EAD2 /* DataDecoderable.swift */,
			);
			path = Protocols;
			sourceTree = "<group>";
		};
		0D843AE02B4B999300F4EAD2 /* Implements */ = {
			isa = PBXGroup;
			children = (
				0D843AE12B4B99C000F4EAD2 /* JSONDecoder+DataDecoderable.swift */,
			);
			path = Implements;
			sourceTree = "<group>";
		};
		0D843AE32B4BA64200F4EAD2 /* DataEncoder */ = {
			isa = PBXGroup;
			children = (
				0D843AE52B4BA65100F4EAD2 /* Implements */,
				0D843AE42B4BA64B00F4EAD2 /* Protocols */,
			);
			path = DataEncoder;
			sourceTree = "<group>";
		};
		0D843AE42B4BA64B00F4EAD2 /* Protocols */ = {
			isa = PBXGroup;
			children = (
				0D843AE62B4BA66600F4EAD2 /* DataEncoderable.swift */,
			);
			path = Protocols;
			sourceTree = "<group>";
		};
		0D843AE52B4BA65100F4EAD2 /* Implements */ = {
			isa = PBXGroup;
			children = (
				0D843AE82B4BA6D300F4EAD2 /* JSONEncoder+DataEncoderable.swift */,
			);
			path = Implements;
			sourceTree = "<group>";
		};
		0D843AF52B4CE94700F4EAD2 /* ChatBotTests */ = {
			isa = PBXGroup;
			children = (
				0D32603B2B5A354F000C352E /* Tests */,
				0D843B152B4D169F00F4EAD2 /* Mocks */,
				0D843B0A2B4D03D200F4EAD2 /* Resources */,
				0D843B122B4D141900F4EAD2 /* Utilities */,
			);
			path = ChatBotTests;
			sourceTree = "<group>";
		};
		0D843B042B4D013E00F4EAD2 /* Implements */ = {
			isa = PBXGroup;
			children = (
				0D843ADA2B4B98C900F4EAD2 /* GPTHTTPService.swift */,
			);
			path = Implements;
			sourceTree = "<group>";
		};
		0D843B052B4D015100F4EAD2 /* Protocols */ = {
			isa = PBXGroup;
			children = (
				0D843B062B4D016000F4EAD2 /* HTTPServicable.swift */,
			);
			path = Protocols;
			sourceTree = "<group>";
		};
		0D843B0A2B4D03D200F4EAD2 /* Resources */ = {
			isa = PBXGroup;
			children = (
				0D843B0B2B4D042800F4EAD2 /* GPTReplyMock.json */,
			);
			path = Resources;
			sourceTree = "<group>";
		};
		0D843B122B4D141900F4EAD2 /* Utilities */ = {
			isa = PBXGroup;
			children = (
				0D843B132B4D142B00F4EAD2 /* JSONFetcher.swift */,
			);
			path = Utilities;
			sourceTree = "<group>";
		};
		0D843B152B4D169F00F4EAD2 /* Mocks */ = {
			isa = PBXGroup;
			children = (
				0D843B082B4D02DB00F4EAD2 /* MockHTTPPublisher.swift */,
				0D843B102B4D0B8100F4EAD2 /* MockHTTPRequest.swift */,
				0D32603C2B5A3691000C352E /* MockChatRoom.swift */,
			);
			path = Mocks;
			sourceTree = "<group>";
		};
		0D843B1E2B4FAD8500F4EAD2 /* Application */ = {
			isa = PBXGroup;
			children = (
				B4B3E2BC2B42D1BB00818B3C /* AppDelegate.swift */,
				B4B3E2BE2B42D1BB00818B3C /* SceneDelegate.swift */,
				0D3260052B57724B000C352E /* AppEnviroment.swift */,
			);
			path = Application;
			sourceTree = "<group>";
		};
		0D843B1F2B4FAE5700F4EAD2 /* Resource */ = {
			isa = PBXGroup;
			children = (
				0D3260122B5A08DD000C352E /* ChatBotCoreData.xcdatamodeld */,
				B4B3E2C52B42D1BC00818B3C /* Assets.xcassets */,
				0D843B162B4D260800F4EAD2 /* GPTKeys.xcconfig */,
				B4B3E2C72B42D1BC00818B3C /* LaunchScreen.storyboard */,
			);
			path = Resource;
			sourceTree = "<group>";
		};
		0D843B202B4FAE8B00F4EAD2 /* Presentation */ = {
			isa = PBXGroup;
			children = (
				0D843B212B4FAE9700F4EAD2 /* GPTChatting */,
			);
			path = Presentation;
			sourceTree = "<group>";
		};
		0D843B212B4FAE9700F4EAD2 /* GPTChatting */ = {
			isa = PBXGroup;
			children = (
				0D843B2F2B4FF08400F4EAD2 /* GPTChatRoomCell.swift */,
				0D843B242B4FB0D800F4EAD2 /* ViewController */,
				0D843B252B4FB0DF00F4EAD2 /* ViewModel */,
			);
			path = GPTChatting;
			sourceTree = "<group>";
		};
		0D843B232B4FAF9900F4EAD2 /* Data */ = {
			isa = PBXGroup;
			children = (
				0D843ADE2B4B997600F4EAD2 /* DataDecoder */,
				0D843AE32B4BA64200F4EAD2 /* DataEncoder */,
			);
			path = Data;
			sourceTree = "<group>";
		};
		0D843B242B4FB0D800F4EAD2 /* ViewController */ = {
			isa = PBXGroup;
			children = (
				B4B3E2C02B42D1BB00818B3C /* GPTChattingViewController.swift */,
			);
			path = ViewController;
			sourceTree = "<group>";
		};
		0D843B252B4FB0DF00F4EAD2 /* ViewModel */ = {
			isa = PBXGroup;
			children = (
				0D843B272B4FB0EE00F4EAD2 /* Implements */,
				0D843B262B4FB0E600F4EAD2 /* Protocols */,
			);
			path = ViewModel;
			sourceTree = "<group>";
		};
		0D843B262B4FB0E600F4EAD2 /* Protocols */ = {
			isa = PBXGroup;
			children = (
				0D843B282B4FB16200F4EAD2 /* GPTChatRoomVMProtocol.swift */,
			);
			path = Protocols;
			sourceTree = "<group>";
		};
		0D843B272B4FB0EE00F4EAD2 /* Implements */ = {
			isa = PBXGroup;
			children = (
				0D843B2A2B4FB5C700F4EAD2 /* GPTChatRoomViewModel.swift */,
			);
			path = Implements;
			sourceTree = "<group>";
		};
		0D843B352B511EC100F4EAD2 /* Design */ = {
			isa = PBXGroup;
			children = (
				0D843B362B511ECA00F4EAD2 /* CustomUI */,
			);
			path = Design;
			sourceTree = "<group>";
		};
		0D843B362B511ECA00F4EAD2 /* CustomUI */ = {
			isa = PBXGroup;
			children = (
				0D843B372B511ED100F4EAD2 /* ChatBubble */,
			);
			path = CustomUI;
			sourceTree = "<group>";
		};
		0D843B372B511ED100F4EAD2 /* ChatBubble */ = {
			isa = PBXGroup;
			children = (
				0D3260022B576B86000C352E /* Extension */,
				0D843B382B511F0A00F4EAD2 /* UIChatBubbleView.swift */,
			);
			path = ChatBubble;
			sourceTree = "<group>";
		};
		0DF997672B43AD8F0055C836 /* Model */ = {
			isa = PBXGroup;
			children = (
				0DF997822B463C610055C836 /* Model.swift */,
				0D32601D2B5A1637000C352E /* GPTChatRoomDTO */,
				0DF997752B43FF820055C836 /* GPTCommentDTO */,
				0DF9976A2B43B1220055C836 /* GPTMessage */,
				0DF9977A2B440A240055C836 /* GPTReplyDTO */,
			);
			path = Model;
			sourceTree = "<group>";
		};
		0DF9976A2B43B1220055C836 /* GPTMessage */ = {
			isa = PBXGroup;
			children = (
				0DF9976E2B43B9370055C836 /* Implements */,
				0DF9976B2B43B13F0055C836 /* Protocol */,
			);
			path = GPTMessage;
			sourceTree = "<group>";
		};
		0DF9976B2B43B13F0055C836 /* Protocol */ = {
			isa = PBXGroup;
			children = (
				0DF9976C2B43B15F0055C836 /* GPTMessagable.swift */,
			);
			path = Protocol;
			sourceTree = "<group>";
		};
		0DF9976E2B43B9370055C836 /* Implements */ = {
			isa = PBXGroup;
			children = (
				0DF997732B43BCC50055C836 /* AssistantMessage.swift */,
				0DF997782B4404480055C836 /* GPTMessage.swift */,
				0DF9976F2B43B9890055C836 /* SystemMessage.swift */,
				0DF997712B43BC590055C836 /* ToolMessage.swift */,
				0DF9977D2B45022A0055C836 /* UserMessage.swift */,
				0D843B332B50CFAD00F4EAD2 /* WaitingMessage.swift */,
			);
			path = Implements;
			sourceTree = "<group>";
		};
		0DF997752B43FF820055C836 /* GPTCommentDTO */ = {
			isa = PBXGroup;
			children = (
				0DF997762B43FFA10055C836 /* GPTCommentDTO.swift */,
			);
			path = GPTCommentDTO;
			sourceTree = "<group>";
		};
		0DF9977A2B440A240055C836 /* GPTReplyDTO */ = {
			isa = PBXGroup;
			children = (
				0DF9977B2B440B890055C836 /* GPTReplyDTO.swift */,
			);
			path = GPTReplyDTO;
			sourceTree = "<group>";
		};
		0DF9977F2B450E4C0055C836 /* Extension */ = {
			isa = PBXGroup;
			children = (
				0DF997802B450E8E0055C836 /* Date+Extention.swift */,
			);
			path = Extension;
			sourceTree = "<group>";
		};
		0DF9978F2B46668E0055C836 /* Network */ = {
			isa = PBXGroup;
			children = (
				0DF997A62B4680BB0055C836 /* Network.swift */,
				0DF9979D2B467BB50055C836 /* HTTPPublisher */,
				0DF997902B4666A00055C836 /* HTTPRequest */,
				0D843AD92B4B98B200F4EAD2 /* HTTPService */,
			);
			path = Network;
			sourceTree = "<group>";
		};
		0DF997902B4666A00055C836 /* HTTPRequest */ = {
			isa = PBXGroup;
			children = (
				0DF997912B4666B10055C836 /* Implements */,
				0DF997922B4666C30055C836 /* Protocols */,
			);
			path = HTTPRequest;
			sourceTree = "<group>";
		};
		0DF997912B4666B10055C836 /* Implements */ = {
			isa = PBXGroup;
			children = (
				0D843B192B4E88AC00F4EAD2 /* GPTRequest.swift */,
			);
			path = Implements;
			sourceTree = "<group>";
		};
		0DF997922B4666C30055C836 /* Protocols */ = {
			isa = PBXGroup;
			children = (
				0DF997A42B4680240055C836 /* HTTPRequestable.swift */,
			);
			path = Protocols;
			sourceTree = "<group>";
		};
		0DF9979D2B467BB50055C836 /* HTTPPublisher */ = {
			isa = PBXGroup;
			children = (
				0DF997BF2B47B7100055C836 /* Implements */,
				0DF9979E2B467BDB0055C836 /* Protocols */,
			);
			path = HTTPPublisher;
			sourceTree = "<group>";
		};
		0DF9979E2B467BDB0055C836 /* Protocols */ = {
			isa = PBXGroup;
			children = (
				0DF997A82B46D8B60055C836 /* HTTPPublishable.swift */,
			);
			path = Protocols;
			sourceTree = "<group>";
		};
		0DF997AD2B479B940055C836 /* Error */ = {
			isa = PBXGroup;
			children = (
				0DF997AE2B479BA80055C836 /* GPTError.swift */,
				0DF997B32B479BF10055C836 /* Implements */,
			);
			path = Error;
			sourceTree = "<group>";
		};
		0DF997B32B479BF10055C836 /* Implements */ = {
			isa = PBXGroup;
			children = (
				0DF997B42B479C0A0055C836 /* HTTPError.swift */,
				0D3260002B576362000C352E /* ChatRoomError.swift */,
				0D32602C2B5A2B92000C352E /* RepositoryError.swift */,
			);
			path = Implements;
			sourceTree = "<group>";
		};
		0DF997BF2B47B7100055C836 /* Implements */ = {
			isa = PBXGroup;
			children = (
				0D843AD72B4B986D00F4EAD2 /* URLSession+HTTPPublishable.swift */,
			);
			path = Implements;
			sourceTree = "<group>";
		};
		B4B3E2B02B42D1BB00818B3C = {
			isa = PBXGroup;
			children = (
				0D3260242B5A24CA000C352E /* ChatRoom+CoreDataClass.swift */,
				0D3260252B5A24CA000C352E /* ChatRoom+CoreDataProperties.swift */,
				0D3260262B5A24CA000C352E /* Chatting+CoreDataClass.swift */,
				0D3260272B5A24CA000C352E /* Chatting+CoreDataProperties.swift */,
				B4B3E2BB2B42D1BB00818B3C /* ChatBot */,
				0D843AF52B4CE94700F4EAD2 /* ChatBotTests */,
				B4B3E2BA2B42D1BB00818B3C /* Products */,
			);
			sourceTree = "<group>";
		};
		B4B3E2BA2B42D1BB00818B3C /* Products */ = {
			isa = PBXGroup;
			children = (
				B4B3E2B92B42D1BB00818B3C /* ChatBot.app */,
				0D843AF42B4CE94700F4EAD2 /* ChatBotTests.xctest */,
			);
			name = Products;
			sourceTree = "<group>";
		};
		B4B3E2BB2B42D1BB00818B3C /* ChatBot */ = {
			isa = PBXGroup;
			children = (
				B4B3E2CA2B42D1BC00818B3C /* Info.plist */,
				0D32600B2B58B859000C352E /* ViewModelable.swift */,
				0D843B1E2B4FAD8500F4EAD2 /* Application */,
				0D843B232B4FAF9900F4EAD2 /* Data */,
				0D843B352B511EC100F4EAD2 /* Design */,
				0DF997AD2B479B940055C836 /* Error */,
				0DF9977F2B450E4C0055C836 /* Extension */,
				0DF997672B43AD8F0055C836 /* Model */,
				0DF9978F2B46668E0055C836 /* Network */,
				0D843B202B4FAE8B00F4EAD2 /* Presentation */,
				0D32600D2B5A085D000C352E /* Repository */,
				0D843B1F2B4FAE5700F4EAD2 /* Resource */,
			);
			path = ChatBot;
			sourceTree = "<group>";
		};
/* End PBXGroup section */

/* Begin PBXNativeTarget section */
		0D843AF32B4CE94700F4EAD2 /* ChatBotTests */ = {
			isa = PBXNativeTarget;
			buildConfigurationList = 0D843AFC2B4CE94700F4EAD2 /* Build configuration list for PBXNativeTarget "ChatBotTests" */;
			buildPhases = (
				0D843AF02B4CE94700F4EAD2 /* Sources */,
				0D843AF12B4CE94700F4EAD2 /* Frameworks */,
				0D843AF22B4CE94700F4EAD2 /* Resources */,
			);
			buildRules = (
			);
			dependencies = (
				0D843AF92B4CE94700F4EAD2 /* PBXTargetDependency */,
			);
			name = ChatBotTests;
			productName = ChatBotTests;
			productReference = 0D843AF42B4CE94700F4EAD2 /* ChatBotTests.xctest */;
			productType = "com.apple.product-type.bundle.unit-test";
		};
		B4B3E2B82B42D1BB00818B3C /* ChatBot */ = {
			isa = PBXNativeTarget;
			buildConfigurationList = B4B3E2CD2B42D1BC00818B3C /* Build configuration list for PBXNativeTarget "ChatBot" */;
			buildPhases = (
				B4B3E2B52B42D1BB00818B3C /* Sources */,
				B4B3E2B62B42D1BB00818B3C /* Frameworks */,
				B4B3E2B72B42D1BB00818B3C /* Resources */,
			);
			buildRules = (
			);
			dependencies = (
			);
			name = ChatBot;
			productName = ChatBot;
			productReference = B4B3E2B92B42D1BB00818B3C /* ChatBot.app */;
			productType = "com.apple.product-type.application";
		};
/* End PBXNativeTarget section */

/* Begin PBXProject section */
		B4B3E2B12B42D1BB00818B3C /* Project object */ = {
			isa = PBXProject;
			attributes = {
				BuildIndependentTargetsInParallel = 1;
				LastSwiftUpdateCheck = 1510;
				LastUpgradeCheck = 1500;
				TargetAttributes = {
					0D843AF32B4CE94700F4EAD2 = {
						CreatedOnToolsVersion = 15.1;
						TestTargetID = B4B3E2B82B42D1BB00818B3C;
					};
					B4B3E2B82B42D1BB00818B3C = {
						CreatedOnToolsVersion = 15.0.1;
					};
				};
			};
			buildConfigurationList = B4B3E2B42B42D1BB00818B3C /* Build configuration list for PBXProject "ChatBot" */;
			compatibilityVersion = "Xcode 14.0";
			developmentRegion = en;
			hasScannedForEncodings = 0;
			knownRegions = (
				en,
				Base,
			);
			mainGroup = B4B3E2B02B42D1BB00818B3C;
			productRefGroup = B4B3E2BA2B42D1BB00818B3C /* Products */;
			projectDirPath = "";
			projectRoot = "";
			targets = (
				B4B3E2B82B42D1BB00818B3C /* ChatBot */,
				0D843AF32B4CE94700F4EAD2 /* ChatBotTests */,
			);
		};
/* End PBXProject section */

/* Begin PBXResourcesBuildPhase section */
		0D843AF22B4CE94700F4EAD2 /* Resources */ = {
			isa = PBXResourcesBuildPhase;
			buildActionMask = 2147483647;
			files = (
				0D843B0C2B4D042800F4EAD2 /* GPTReplyMock.json in Resources */,
			);
			runOnlyForDeploymentPostprocessing = 0;
		};
		B4B3E2B72B42D1BB00818B3C /* Resources */ = {
			isa = PBXResourcesBuildPhase;
			buildActionMask = 2147483647;
			files = (
				B4B3E2C92B42D1BC00818B3C /* LaunchScreen.storyboard in Resources */,
				B4B3E2C62B42D1BC00818B3C /* Assets.xcassets in Resources */,
			);
			runOnlyForDeploymentPostprocessing = 0;
		};
/* End PBXResourcesBuildPhase section */

/* Begin PBXSourcesBuildPhase section */
		0D843AF02B4CE94700F4EAD2 /* Sources */ = {
			isa = PBXSourcesBuildPhase;
			buildActionMask = 2147483647;
			files = (
				0D843B092B4D02DB00F4EAD2 /* MockHTTPPublisher.swift in Sources */,
				0D843AF72B4CE94700F4EAD2 /* ChatBotNetworkTests.swift in Sources */,
				0D32603D2B5A3691000C352E /* MockChatRoom.swift in Sources */,
				0D843B112B4D0B8100F4EAD2 /* MockHTTPRequest.swift in Sources */,
				0D843B142B4D142B00F4EAD2 /* JSONFetcher.swift in Sources */,
				0D32603A2B5A3505000C352E /* ChatBotRepositoryTests.swift in Sources */,
			);
			runOnlyForDeploymentPostprocessing = 0;
		};
		B4B3E2B52B42D1BB00818B3C /* Sources */ = {
			isa = PBXSourcesBuildPhase;
			buildActionMask = 2147483647;
			files = (
				0D3260142B5A08DD000C352E /* ChatBotCoreData.xcdatamodeld in Sources */,
				0DF997742B43BCC50055C836 /* AssistantMessage.swift in Sources */,
				0D843B1A2B4E88AC00F4EAD2 /* GPTRequest.swift in Sources */,
				0DF9977E2B45022A0055C836 /* UserMessage.swift in Sources */,
				0DF997792B4404480055C836 /* GPTMessage.swift in Sources */,
				0DF997A92B46D8B60055C836 /* HTTPPublishable.swift in Sources */,
				0D843B2B2B4FB5C700F4EAD2 /* GPTChatRoomViewModel.swift in Sources */,
				0D843AE92B4BA6D300F4EAD2 /* JSONEncoder+DataEncoderable.swift in Sources */,
				0D3260162B5A0A56000C352E /* ChatRoomRepositable.swift in Sources */,
				0DF997B52B479C0A0055C836 /* HTTPError.swift in Sources */,
				0D3260062B57724B000C352E /* AppEnviroment.swift in Sources */,
				0DF997AF2B479BA80055C836 /* GPTError.swift in Sources */,
				0D32601F2B5A1651000C352E /* GPTChatRoom.swift in Sources */,
				0D32602B2B5A24CA000C352E /* Chatting+CoreDataProperties.swift in Sources */,
				0D32602D2B5A2B92000C352E /* RepositoryError.swift in Sources */,
				0D32602A2B5A24CA000C352E /* Chatting+CoreDataClass.swift in Sources */,
				0DF997772B43FFA10055C836 /* GPTCommentDTO.swift in Sources */,
				0D3260282B5A24CA000C352E /* ChatRoom+CoreDataClass.swift in Sources */,
				0D843AE22B4B99C000F4EAD2 /* JSONDecoder+DataDecoderable.swift in Sources */,
				0DF997A52B4680240055C836 /* HTTPRequestable.swift in Sources */,
				0D843ADB2B4B98C900F4EAD2 /* GPTHTTPService.swift in Sources */,
				0D843AE72B4BA66600F4EAD2 /* DataEncoderable.swift in Sources */,
				0DF997702B43B9890055C836 /* SystemMessage.swift in Sources */,
				0D843B072B4D016000F4EAD2 /* HTTPServicable.swift in Sources */,
				B4B3E2C12B42D1BB00818B3C /* GPTChattingViewController.swift in Sources */,
				0D843B302B4FF08400F4EAD2 /* GPTChatRoomCell.swift in Sources */,
				0DF997832B463C610055C836 /* Model.swift in Sources */,
				0DF997A72B4680BB0055C836 /* Network.swift in Sources */,
				0DF997722B43BC590055C836 /* ToolMessage.swift in Sources */,
				0D32600C2B58B859000C352E /* ViewModelable.swift in Sources */,
				0D3260012B576362000C352E /* ChatRoomError.swift in Sources */,
				0D3260042B576BC9000C352E /* BezierPath+extension.swift in Sources */,
				0D843B392B511F0A00F4EAD2 /* UIChatBubbleView.swift in Sources */,
				0D3260292B5A24CA000C352E /* ChatRoom+CoreDataProperties.swift in Sources */,
				0D843B342B50CFAD00F4EAD2 /* WaitingMessage.swift in Sources */,
				0D32601C2B5A1523000C352E /* Repository.swift in Sources */,
				0D843AD82B4B986D00F4EAD2 /* URLSession+HTTPPublishable.swift in Sources */,
				0DF9977C2B440B890055C836 /* GPTReplyDTO.swift in Sources */,
				B4B3E2BD2B42D1BB00818B3C /* AppDelegate.swift in Sources */,
				0D32601A2B5A0E6C000C352E /* CoreDataRepository.swift in Sources */,
				0DF9976D2B43B15F0055C836 /* GPTMessagable.swift in Sources */,
				0DF997812B450E8E0055C836 /* Date+Extention.swift in Sources */,
				0D3260232B5A195C000C352E /* CoreDataChatRoomRepository.swift in Sources */,
				0D843B292B4FB16200F4EAD2 /* GPTChatRoomVMProtocol.swift in Sources */,
				0D843ADD2B4B992500F4EAD2 /* DataDecoderable.swift in Sources */,
				B4B3E2BF2B42D1BB00818B3C /* SceneDelegate.swift in Sources */,
			);
			runOnlyForDeploymentPostprocessing = 0;
		};
/* End PBXSourcesBuildPhase section */

/* Begin PBXTargetDependency section */
		0D843AF92B4CE94700F4EAD2 /* PBXTargetDependency */ = {
			isa = PBXTargetDependency;
			target = B4B3E2B82B42D1BB00818B3C /* ChatBot */;
			targetProxy = 0D843AF82B4CE94700F4EAD2 /* PBXContainerItemProxy */;
		};
/* End PBXTargetDependency section */

/* Begin PBXVariantGroup section */
		B4B3E2C72B42D1BC00818B3C /* LaunchScreen.storyboard */ = {
			isa = PBXVariantGroup;
			children = (
				B4B3E2C82B42D1BC00818B3C /* Base */,
			);
			name = LaunchScreen.storyboard;
			sourceTree = "<group>";
		};
/* End PBXVariantGroup section */

/* Begin XCBuildConfiguration section */
		0D843AFA2B4CE94700F4EAD2 /* Debug */ = {
			isa = XCBuildConfiguration;
			baseConfigurationReference = 0D843B162B4D260800F4EAD2 /* GPTKeys.xcconfig */;
			buildSettings = {
				BUNDLE_LOADER = "$(TEST_HOST)";
				CODE_SIGN_STYLE = Automatic;
				CURRENT_PROJECT_VERSION = 1;
				GENERATE_INFOPLIST_FILE = YES;
				IPHONEOS_DEPLOYMENT_TARGET = 17.0;
				MACOSX_DEPLOYMENT_TARGET = 14.2;
				MARKETING_VERSION = 1.0;
				PRODUCT_BUNDLE_IDENTIFIER = com.kimjunsung.ChatBotTests;
				PRODUCT_NAME = "$(TARGET_NAME)";
				SDKROOT = auto;
				SUPPORTED_PLATFORMS = "iphoneos iphonesimulator macosx";
				SWIFT_EMIT_LOC_STRINGS = NO;
				SWIFT_VERSION = 5.0;
				TARGETED_DEVICE_FAMILY = "1,2";
				TEST_HOST = "$(BUILT_PRODUCTS_DIR)/ChatBot.app/$(BUNDLE_EXECUTABLE_FOLDER_PATH)/ChatBot";
			};
			name = Debug;
		};
		0D843AFB2B4CE94700F4EAD2 /* Release */ = {
			isa = XCBuildConfiguration;
			buildSettings = {
				BUNDLE_LOADER = "$(TEST_HOST)";
				CODE_SIGN_STYLE = Automatic;
				CURRENT_PROJECT_VERSION = 1;
				GENERATE_INFOPLIST_FILE = YES;
				IPHONEOS_DEPLOYMENT_TARGET = 17.0;
				MACOSX_DEPLOYMENT_TARGET = 14.2;
				MARKETING_VERSION = 1.0;
				PRODUCT_BUNDLE_IDENTIFIER = com.kimjunsung.ChatBotTests;
				PRODUCT_NAME = "$(TARGET_NAME)";
				SDKROOT = auto;
				SUPPORTED_PLATFORMS = "iphoneos iphonesimulator macosx";
				SWIFT_EMIT_LOC_STRINGS = NO;
				SWIFT_VERSION = 5.0;
				TARGETED_DEVICE_FAMILY = "1,2";
				TEST_HOST = "$(BUILT_PRODUCTS_DIR)/ChatBot.app/$(BUNDLE_EXECUTABLE_FOLDER_PATH)/ChatBot";
			};
			name = Release;
		};
		B4B3E2CB2B42D1BC00818B3C /* Debug */ = {
			isa = XCBuildConfiguration;
			buildSettings = {
				ALWAYS_SEARCH_USER_PATHS = NO;
				ASSETCATALOG_COMPILER_GENERATE_SWIFT_ASSET_SYMBOL_EXTENSIONS = YES;
				CLANG_ANALYZER_NONNULL = YES;
				CLANG_ANALYZER_NUMBER_OBJECT_CONVERSION = YES_AGGRESSIVE;
				CLANG_CXX_LANGUAGE_STANDARD = "gnu++20";
				CLANG_ENABLE_MODULES = YES;
				CLANG_ENABLE_OBJC_ARC = YES;
				CLANG_ENABLE_OBJC_WEAK = YES;
				CLANG_WARN_BLOCK_CAPTURE_AUTORELEASING = YES;
				CLANG_WARN_BOOL_CONVERSION = YES;
				CLANG_WARN_COMMA = YES;
				CLANG_WARN_CONSTANT_CONVERSION = YES;
				CLANG_WARN_DEPRECATED_OBJC_IMPLEMENTATIONS = YES;
				CLANG_WARN_DIRECT_OBJC_ISA_USAGE = YES_ERROR;
				CLANG_WARN_DOCUMENTATION_COMMENTS = YES;
				CLANG_WARN_EMPTY_BODY = YES;
				CLANG_WARN_ENUM_CONVERSION = YES;
				CLANG_WARN_INFINITE_RECURSION = YES;
				CLANG_WARN_INT_CONVERSION = YES;
				CLANG_WARN_NON_LITERAL_NULL_CONVERSION = YES;
				CLANG_WARN_OBJC_IMPLICIT_RETAIN_SELF = YES;
				CLANG_WARN_OBJC_LITERAL_CONVERSION = YES;
				CLANG_WARN_OBJC_ROOT_CLASS = YES_ERROR;
				CLANG_WARN_QUOTED_INCLUDE_IN_FRAMEWORK_HEADER = YES;
				CLANG_WARN_RANGE_LOOP_ANALYSIS = YES;
				CLANG_WARN_STRICT_PROTOTYPES = YES;
				CLANG_WARN_SUSPICIOUS_MOVE = YES;
				CLANG_WARN_UNGUARDED_AVAILABILITY = YES_AGGRESSIVE;
				CLANG_WARN_UNREACHABLE_CODE = YES;
				CLANG_WARN__DUPLICATE_METHOD_MATCH = YES;
				COPY_PHASE_STRIP = NO;
				DEBUG_INFORMATION_FORMAT = dwarf;
				ENABLE_STRICT_OBJC_MSGSEND = YES;
				ENABLE_TESTABILITY = YES;
				ENABLE_USER_SCRIPT_SANDBOXING = YES;
				GCC_C_LANGUAGE_STANDARD = gnu17;
				GCC_DYNAMIC_NO_PIC = NO;
				GCC_NO_COMMON_BLOCKS = YES;
				GCC_OPTIMIZATION_LEVEL = 0;
				GCC_PREPROCESSOR_DEFINITIONS = (
					"DEBUG=1",
					"$(inherited)",
				);
				GCC_WARN_64_TO_32_BIT_CONVERSION = YES;
				GCC_WARN_ABOUT_RETURN_TYPE = YES_ERROR;
				GCC_WARN_UNDECLARED_SELECTOR = YES;
				GCC_WARN_UNINITIALIZED_AUTOS = YES_AGGRESSIVE;
				GCC_WARN_UNUSED_FUNCTION = YES;
				GCC_WARN_UNUSED_VARIABLE = YES;
				IPHONEOS_DEPLOYMENT_TARGET = 15.0;
				LOCALIZATION_PREFERS_STRING_CATALOGS = YES;
				MTL_ENABLE_DEBUG_INFO = INCLUDE_SOURCE;
				MTL_FAST_MATH = YES;
				ONLY_ACTIVE_ARCH = YES;
				SDKROOT = iphoneos;
				SWIFT_ACTIVE_COMPILATION_CONDITIONS = "DEBUG $(inherited)";
				SWIFT_OPTIMIZATION_LEVEL = "-Onone";
			};
			name = Debug;
		};
		B4B3E2CC2B42D1BC00818B3C /* Release */ = {
			isa = XCBuildConfiguration;
			buildSettings = {
				ALWAYS_SEARCH_USER_PATHS = NO;
				ASSETCATALOG_COMPILER_GENERATE_SWIFT_ASSET_SYMBOL_EXTENSIONS = YES;
				CLANG_ANALYZER_NONNULL = YES;
				CLANG_ANALYZER_NUMBER_OBJECT_CONVERSION = YES_AGGRESSIVE;
				CLANG_CXX_LANGUAGE_STANDARD = "gnu++20";
				CLANG_ENABLE_MODULES = YES;
				CLANG_ENABLE_OBJC_ARC = YES;
				CLANG_ENABLE_OBJC_WEAK = YES;
				CLANG_WARN_BLOCK_CAPTURE_AUTORELEASING = YES;
				CLANG_WARN_BOOL_CONVERSION = YES;
				CLANG_WARN_COMMA = YES;
				CLANG_WARN_CONSTANT_CONVERSION = YES;
				CLANG_WARN_DEPRECATED_OBJC_IMPLEMENTATIONS = YES;
				CLANG_WARN_DIRECT_OBJC_ISA_USAGE = YES_ERROR;
				CLANG_WARN_DOCUMENTATION_COMMENTS = YES;
				CLANG_WARN_EMPTY_BODY = YES;
				CLANG_WARN_ENUM_CONVERSION = YES;
				CLANG_WARN_INFINITE_RECURSION = YES;
				CLANG_WARN_INT_CONVERSION = YES;
				CLANG_WARN_NON_LITERAL_NULL_CONVERSION = YES;
				CLANG_WARN_OBJC_IMPLICIT_RETAIN_SELF = YES;
				CLANG_WARN_OBJC_LITERAL_CONVERSION = YES;
				CLANG_WARN_OBJC_ROOT_CLASS = YES_ERROR;
				CLANG_WARN_QUOTED_INCLUDE_IN_FRAMEWORK_HEADER = YES;
				CLANG_WARN_RANGE_LOOP_ANALYSIS = YES;
				CLANG_WARN_STRICT_PROTOTYPES = YES;
				CLANG_WARN_SUSPICIOUS_MOVE = YES;
				CLANG_WARN_UNGUARDED_AVAILABILITY = YES_AGGRESSIVE;
				CLANG_WARN_UNREACHABLE_CODE = YES;
				CLANG_WARN__DUPLICATE_METHOD_MATCH = YES;
				COPY_PHASE_STRIP = NO;
				DEBUG_INFORMATION_FORMAT = "dwarf-with-dsym";
				ENABLE_NS_ASSERTIONS = NO;
				ENABLE_STRICT_OBJC_MSGSEND = YES;
				ENABLE_USER_SCRIPT_SANDBOXING = YES;
				GCC_C_LANGUAGE_STANDARD = gnu17;
				GCC_NO_COMMON_BLOCKS = YES;
				GCC_WARN_64_TO_32_BIT_CONVERSION = YES;
				GCC_WARN_ABOUT_RETURN_TYPE = YES_ERROR;
				GCC_WARN_UNDECLARED_SELECTOR = YES;
				GCC_WARN_UNINITIALIZED_AUTOS = YES_AGGRESSIVE;
				GCC_WARN_UNUSED_FUNCTION = YES;
				GCC_WARN_UNUSED_VARIABLE = YES;
				IPHONEOS_DEPLOYMENT_TARGET = 15.0;
				LOCALIZATION_PREFERS_STRING_CATALOGS = YES;
				MTL_ENABLE_DEBUG_INFO = NO;
				MTL_FAST_MATH = YES;
				SDKROOT = iphoneos;
				SWIFT_COMPILATION_MODE = wholemodule;
				VALIDATE_PRODUCT = YES;
			};
			name = Release;
		};
		B4B3E2CE2B42D1BC00818B3C /* Debug */ = {
			isa = XCBuildConfiguration;
			baseConfigurationReference = 0D843B162B4D260800F4EAD2 /* GPTKeys.xcconfig */;
			buildSettings = {
				ASSETCATALOG_COMPILER_APPICON_NAME = AppIcon;
				ASSETCATALOG_COMPILER_GLOBAL_ACCENT_COLOR_NAME = AccentColor;
				CODE_SIGN_STYLE = Automatic;
				CURRENT_PROJECT_VERSION = 1;
				DEVELOPMENT_TEAM = W9647FYSN7;
				GENERATE_INFOPLIST_FILE = YES;
				INFOPLIST_FILE = ChatBot/Info.plist;
				INFOPLIST_KEY_UIApplicationSupportsIndirectInputEvents = YES;
				INFOPLIST_KEY_UILaunchStoryboardName = LaunchScreen;
				INFOPLIST_KEY_UISupportedInterfaceOrientations_iPad = "UIInterfaceOrientationPortrait UIInterfaceOrientationPortraitUpsideDown UIInterfaceOrientationLandscapeLeft UIInterfaceOrientationLandscapeRight";
				INFOPLIST_KEY_UISupportedInterfaceOrientations_iPhone = "UIInterfaceOrientationPortrait UIInterfaceOrientationLandscapeLeft UIInterfaceOrientationLandscapeRight";
				IPHONEOS_DEPLOYMENT_TARGET = 15.0;
				LD_RUNPATH_SEARCH_PATHS = (
					"$(inherited)",
					"@executable_path/Frameworks",
				);
				MARKETING_VERSION = 1.0;
				PRODUCT_BUNDLE_IDENTIFIER = com.tacocat.ChatBot;
				PRODUCT_NAME = "$(TARGET_NAME)";
				SWIFT_EMIT_LOC_STRINGS = YES;
				SWIFT_VERSION = 5.0;
				TARGETED_DEVICE_FAMILY = "1,2";
			};
			name = Debug;
		};
		B4B3E2CF2B42D1BC00818B3C /* Release */ = {
			isa = XCBuildConfiguration;
			buildSettings = {
				ASSETCATALOG_COMPILER_APPICON_NAME = AppIcon;
				ASSETCATALOG_COMPILER_GLOBAL_ACCENT_COLOR_NAME = AccentColor;
				CODE_SIGN_STYLE = Automatic;
				CURRENT_PROJECT_VERSION = 1;
				DEVELOPMENT_TEAM = W9647FYSN7;
				GENERATE_INFOPLIST_FILE = YES;
				INFOPLIST_FILE = ChatBot/Info.plist;
				INFOPLIST_KEY_UIApplicationSupportsIndirectInputEvents = YES;
				INFOPLIST_KEY_UILaunchStoryboardName = LaunchScreen;
				INFOPLIST_KEY_UISupportedInterfaceOrientations_iPad = "UIInterfaceOrientationPortrait UIInterfaceOrientationPortraitUpsideDown UIInterfaceOrientationLandscapeLeft UIInterfaceOrientationLandscapeRight";
				INFOPLIST_KEY_UISupportedInterfaceOrientations_iPhone = "UIInterfaceOrientationPortrait UIInterfaceOrientationLandscapeLeft UIInterfaceOrientationLandscapeRight";
				IPHONEOS_DEPLOYMENT_TARGET = 15.0;
				LD_RUNPATH_SEARCH_PATHS = (
					"$(inherited)",
					"@executable_path/Frameworks",
				);
				MARKETING_VERSION = 1.0;
				PRODUCT_BUNDLE_IDENTIFIER = com.tacocat.ChatBot;
				PRODUCT_NAME = "$(TARGET_NAME)";
				SWIFT_EMIT_LOC_STRINGS = YES;
				SWIFT_VERSION = 5.0;
				TARGETED_DEVICE_FAMILY = "1,2";
			};
			name = Release;
		};
/* End XCBuildConfiguration section */

/* Begin XCConfigurationList section */
		0D843AFC2B4CE94700F4EAD2 /* Build configuration list for PBXNativeTarget "ChatBotTests" */ = {
			isa = XCConfigurationList;
			buildConfigurations = (
				0D843AFA2B4CE94700F4EAD2 /* Debug */,
				0D843AFB2B4CE94700F4EAD2 /* Release */,
			);
			defaultConfigurationIsVisible = 0;
			defaultConfigurationName = Release;
		};
		B4B3E2B42B42D1BB00818B3C /* Build configuration list for PBXProject "ChatBot" */ = {
			isa = XCConfigurationList;
			buildConfigurations = (
				B4B3E2CB2B42D1BC00818B3C /* Debug */,
				B4B3E2CC2B42D1BC00818B3C /* Release */,
			);
			defaultConfigurationIsVisible = 0;
			defaultConfigurationName = Release;
		};
		B4B3E2CD2B42D1BC00818B3C /* Build configuration list for PBXNativeTarget "ChatBot" */ = {
			isa = XCConfigurationList;
			buildConfigurations = (
				B4B3E2CE2B42D1BC00818B3C /* Debug */,
				B4B3E2CF2B42D1BC00818B3C /* Release */,
			);
			defaultConfigurationIsVisible = 0;
			defaultConfigurationName = Release;
		};
/* End XCConfigurationList section */

/* Begin XCVersionGroup section */
		0D3260122B5A08DD000C352E /* ChatBotCoreData.xcdatamodeld */ = {
			isa = XCVersionGroup;
			children = (
				0D3260132B5A08DD000C352E /* ChatBotCoreData.xcdatamodel */,
			);
			currentVersion = 0D3260132B5A08DD000C352E /* ChatBotCoreData.xcdatamodel */;
			path = ChatBotCoreData.xcdatamodeld;
			sourceTree = "<group>";
			versionGroupType = wrapper.xcdatamodel;
		};
/* End XCVersionGroup section */
	};
	rootObject = B4B3E2B12B42D1BB00818B3C /* Project object */;
}
