// !$*UTF8*$!
{
	archiveVersion = 1;
	classes = {
	};
	objectVersion = 56;
	objects = {

/* Begin PBXBuildFile section */
		B4B3E2BD2B42D1BB00818B3C /* AppDelegate.swift in Sources */ = {isa = PBXBuildFile; fileRef = B4B3E2BC2B42D1BB00818B3C /* AppDelegate.swift */; };
		B4B3E2BF2B42D1BB00818B3C /* SceneDelegate.swift in Sources */ = {isa = PBXBuildFile; fileRef = B4B3E2BE2B42D1BB00818B3C /* SceneDelegate.swift */; };
		B4B3E2C12B42D1BB00818B3C /* ViewController.swift in Sources */ = {isa = PBXBuildFile; fileRef = B4B3E2C02B42D1BB00818B3C /* ViewController.swift */; };
		B4B3E2C62B42D1BC00818B3C /* Assets.xcassets in Resources */ = {isa = PBXBuildFile; fileRef = B4B3E2C52B42D1BC00818B3C /* Assets.xcassets */; };
		B4B3E2C92B42D1BC00818B3C /* LaunchScreen.storyboard in Resources */ = {isa = PBXBuildFile; fileRef = B4B3E2C72B42D1BC00818B3C /* LaunchScreen.storyboard */; };
		C3B9B93A2B44F48200B85140 /* ChatBot++Bundle.swift in Sources */ = {isa = PBXBuildFile; fileRef = C3B9B9392B44F48200B85140 /* ChatBot++Bundle.swift */; };
		C3CFDE452B4CD010003CF9CC /* NetworkingManager.swift in Sources */ = {isa = PBXBuildFile; fileRef = C3CFDE442B4CD010003CF9CC /* NetworkingManager.swift */; };
		C3CFDE4A2B4CD097003CF9CC /* NetworkingError.swift in Sources */ = {isa = PBXBuildFile; fileRef = C3CFDE492B4CD097003CF9CC /* NetworkingError.swift */; };
		C3CFDE912B4E39AB003CF9CC /* HTTPMethod.swift in Sources */ = {isa = PBXBuildFile; fileRef = C3CFDE902B4E39AB003CF9CC /* HTTPMethod.swift */; };
		C3CFDE942B4E39E5003CF9CC /* BaseURL.swift in Sources */ = {isa = PBXBuildFile; fileRef = C3CFDE932B4E39E5003CF9CC /* BaseURL.swift */; };
		C3CFDE962B4E3A06003CF9CC /* ContentType.swift in Sources */ = {isa = PBXBuildFile; fileRef = C3CFDE952B4E3A06003CF9CC /* ContentType.swift */; };
		C3CFDE982B4E3ADF003CF9CC /* ChatBotEndpoint.swift in Sources */ = {isa = PBXBuildFile; fileRef = C3CFDE972B4E3ADF003CF9CC /* ChatBotEndpoint.swift */; };
		C3CFDE9C2B4E78D0003CF9CC /* Endpointable.swift in Sources */ = {isa = PBXBuildFile; fileRef = C3CFDE9B2B4E78D0003CF9CC /* Endpointable.swift */; };
		CB1DA6BB2B4E849300D8BAF6 /* APIName.swift in Sources */ = {isa = PBXBuildFile; fileRef = CB1DA6BA2B4E849300D8BAF6 /* APIName.swift */; };
		CB1DA6BE2B4EC6BA00D8BAF6 /* UserContentConstant.swift in Sources */ = {isa = PBXBuildFile; fileRef = CB1DA6BD2B4EC6BA00D8BAF6 /* UserContentConstant.swift */; };
		CB1DA6C02B4ECC0700D8BAF6 /* HeaderFieldName.swift in Sources */ = {isa = PBXBuildFile; fileRef = CB1DA6BF2B4ECC0700D8BAF6 /* HeaderFieldName.swift */; };
		CB3263042B44F55F00B9518D /* ApiKeys.plist in Resources */ = {isa = PBXBuildFile; fileRef = CB3263032B44F55F00B9518D /* ApiKeys.plist */; };
		CB32630A2B44FBE400B9518D /* AIContentModel.swift in Sources */ = {isa = PBXBuildFile; fileRef = CB3263092B44FBE400B9518D /* AIContentModel.swift */; };
		CB32630C2B44FC1200B9518D /* UserContentModel.swift in Sources */ = {isa = PBXBuildFile; fileRef = CB32630B2B44FC1200B9518D /* UserContentModel.swift */; };
		CBD979052B4CD197001F2AE8 /* Encoder.swift in Sources */ = {isa = PBXBuildFile; fileRef = CBD979042B4CD197001F2AE8 /* Encoder.swift */; };
/* End PBXBuildFile section */

/* Begin PBXFileReference section */
		B4B3E2B92B42D1BB00818B3C /* ChatBot.app */ = {isa = PBXFileReference; explicitFileType = wrapper.application; includeInIndex = 0; path = ChatBot.app; sourceTree = BUILT_PRODUCTS_DIR; };
		B4B3E2BC2B42D1BB00818B3C /* AppDelegate.swift */ = {isa = PBXFileReference; lastKnownFileType = sourcecode.swift; path = AppDelegate.swift; sourceTree = "<group>"; };
		B4B3E2BE2B42D1BB00818B3C /* SceneDelegate.swift */ = {isa = PBXFileReference; lastKnownFileType = sourcecode.swift; path = SceneDelegate.swift; sourceTree = "<group>"; };
		B4B3E2C02B42D1BB00818B3C /* ViewController.swift */ = {isa = PBXFileReference; lastKnownFileType = sourcecode.swift; path = ViewController.swift; sourceTree = "<group>"; };
		B4B3E2C52B42D1BC00818B3C /* Assets.xcassets */ = {isa = PBXFileReference; lastKnownFileType = folder.assetcatalog; path = Assets.xcassets; sourceTree = "<group>"; };
		B4B3E2C82B42D1BC00818B3C /* Base */ = {isa = PBXFileReference; lastKnownFileType = file.storyboard; name = Base; path = Base.lproj/LaunchScreen.storyboard; sourceTree = "<group>"; };
		B4B3E2CA2B42D1BC00818B3C /* Info.plist */ = {isa = PBXFileReference; lastKnownFileType = text.plist.xml; path = Info.plist; sourceTree = "<group>"; };
		C3B9B9392B44F48200B85140 /* ChatBot++Bundle.swift */ = {isa = PBXFileReference; lastKnownFileType = sourcecode.swift; path = "ChatBot++Bundle.swift"; sourceTree = "<group>"; };
		C3CFDE442B4CD010003CF9CC /* NetworkingManager.swift */ = {isa = PBXFileReference; lastKnownFileType = sourcecode.swift; path = NetworkingManager.swift; sourceTree = "<group>"; };
		C3CFDE492B4CD097003CF9CC /* NetworkingError.swift */ = {isa = PBXFileReference; lastKnownFileType = sourcecode.swift; path = NetworkingError.swift; sourceTree = "<group>"; };
		C3CFDE902B4E39AB003CF9CC /* HTTPMethod.swift */ = {isa = PBXFileReference; lastKnownFileType = sourcecode.swift; path = HTTPMethod.swift; sourceTree = "<group>"; };
		C3CFDE932B4E39E5003CF9CC /* BaseURL.swift */ = {isa = PBXFileReference; lastKnownFileType = sourcecode.swift; path = BaseURL.swift; sourceTree = "<group>"; };
		C3CFDE952B4E3A06003CF9CC /* ContentType.swift */ = {isa = PBXFileReference; lastKnownFileType = sourcecode.swift; path = ContentType.swift; sourceTree = "<group>"; };
		C3CFDE972B4E3ADF003CF9CC /* ChatBotEndpoint.swift */ = {isa = PBXFileReference; lastKnownFileType = sourcecode.swift; path = ChatBotEndpoint.swift; sourceTree = "<group>"; };
		C3CFDE9B2B4E78D0003CF9CC /* Endpointable.swift */ = {isa = PBXFileReference; lastKnownFileType = sourcecode.swift; path = Endpointable.swift; sourceTree = "<group>"; };
		CB1DA6BA2B4E849300D8BAF6 /* APIName.swift */ = {isa = PBXFileReference; lastKnownFileType = sourcecode.swift; path = APIName.swift; sourceTree = "<group>"; };
		CB1DA6BD2B4EC6BA00D8BAF6 /* UserContentConstant.swift */ = {isa = PBXFileReference; lastKnownFileType = sourcecode.swift; path = UserContentConstant.swift; sourceTree = "<group>"; };
		CB1DA6BF2B4ECC0700D8BAF6 /* HeaderFieldName.swift */ = {isa = PBXFileReference; lastKnownFileType = sourcecode.swift; path = HeaderFieldName.swift; sourceTree = "<group>"; };
		CB3263032B44F55F00B9518D /* ApiKeys.plist */ = {isa = PBXFileReference; lastKnownFileType = text.plist.xml; path = ApiKeys.plist; sourceTree = "<group>"; };
		CB3263092B44FBE400B9518D /* AIContentModel.swift */ = {isa = PBXFileReference; lastKnownFileType = sourcecode.swift; path = AIContentModel.swift; sourceTree = "<group>"; };
		CB32630B2B44FC1200B9518D /* UserContentModel.swift */ = {isa = PBXFileReference; lastKnownFileType = sourcecode.swift; path = UserContentModel.swift; sourceTree = "<group>"; };
		CBD979042B4CD197001F2AE8 /* Encoder.swift */ = {isa = PBXFileReference; lastKnownFileType = sourcecode.swift; path = Encoder.swift; sourceTree = "<group>"; };
/* End PBXFileReference section */

/* Begin PBXFrameworksBuildPhase section */
		B4B3E2B62B42D1BB00818B3C /* Frameworks */ = {
			isa = PBXFrameworksBuildPhase;
			buildActionMask = 2147483647;
			files = (
			);
			runOnlyForDeploymentPostprocessing = 0;
		};
/* End PBXFrameworksBuildPhase section */

/* Begin PBXGroup section */
		B4B3E2B02B42D1BB00818B3C = {
			isa = PBXGroup;
			children = (
				CB3263032B44F55F00B9518D /* ApiKeys.plist */,
				B4B3E2BB2B42D1BB00818B3C /* ChatBot */,
				B4B3E2BA2B42D1BB00818B3C /* Products */,
			);
			sourceTree = "<group>";
		};
		B4B3E2BA2B42D1BB00818B3C /* Products */ = {
			isa = PBXGroup;
			children = (
				B4B3E2B92B42D1BB00818B3C /* ChatBot.app */,
			);
			name = Products;
			sourceTree = "<group>";
		};
		B4B3E2BB2B42D1BB00818B3C /* ChatBot */ = {
			isa = PBXGroup;
			children = (
				C3CFDE482B4CD04E003CF9CC /* Enums */,
				C3CFDE462B4CD026003CF9CC /* Utility */,
				CB3263052B44FB2C00B9518D /* Controller */,
				CB3263062B44FB3400B9518D /* Delegate */,
				CB3263082B44FB8700B9518D /* Models */,
				CB3263072B44FB6B00B9518D /* Extensions */,
				B4B3E2C52B42D1BC00818B3C /* Assets.xcassets */,
				B4B3E2C72B42D1BC00818B3C /* LaunchScreen.storyboard */,
				B4B3E2CA2B42D1BC00818B3C /* Info.plist */,
			);
			path = ChatBot;
			sourceTree = "<group>";
		};
		C3CFDE462B4CD026003CF9CC /* Utility */ = {
			isa = PBXGroup;
			children = (
				C3CFDE472B4CD034003CF9CC /* Network */,
				CBD979032B4CD171001F2AE8 /* DataTransfer */,
			);
			path = Utility;
			sourceTree = "<group>";
		};
		C3CFDE472B4CD034003CF9CC /* Network */ = {
			isa = PBXGroup;
			children = (
				C3CFDE442B4CD010003CF9CC /* NetworkingManager.swift */,
			);
			path = Network;
			sourceTree = "<group>";
		};
		C3CFDE482B4CD04E003CF9CC /* Enums */ = {
			isa = PBXGroup;
			children = (
				CB1DA6BC2B4EC6A400D8BAF6 /* Constant */,
				C3CFDE922B4E39B2003CF9CC /* Network */,
				C3CFDE4B2B4CD09A003CF9CC /* Error */,
			);
			path = Enums;
			sourceTree = "<group>";
		};
		C3CFDE4B2B4CD09A003CF9CC /* Error */ = {
			isa = PBXGroup;
			children = (
				C3CFDE492B4CD097003CF9CC /* NetworkingError.swift */,
			);
			path = Error;
			sourceTree = "<group>";
		};
		C3CFDE922B4E39B2003CF9CC /* Network */ = {
			isa = PBXGroup;
			children = (
				C3CFDE952B4E3A06003CF9CC /* ContentType.swift */,
				C3CFDE902B4E39AB003CF9CC /* HTTPMethod.swift */,
				C3CFDE932B4E39E5003CF9CC /* BaseURL.swift */,
				CB1DA6BA2B4E849300D8BAF6 /* APIName.swift */,
				CB1DA6BF2B4ECC0700D8BAF6 /* HeaderFieldName.swift */,
			);
			path = Network;
			sourceTree = "<group>";
		};
		C3CFDE992B4E78A6003CF9CC /* DTO */ = {
			isa = PBXGroup;
			children = (
				CB3263092B44FBE400B9518D /* AIContentModel.swift */,
				CB32630B2B44FC1200B9518D /* UserContentModel.swift */,
			);
			path = DTO;
			sourceTree = "<group>";
		};
		C3CFDE9A2B4E78B5003CF9CC /* Endpoint */ = {
			isa = PBXGroup;
			children = (
				C3CFDE972B4E3ADF003CF9CC /* ChatBotEndpoint.swift */,
				C3CFDE9D2B4E78F4003CF9CC /* Protocol */,
			);
			path = Endpoint;
			sourceTree = "<group>";
		};
		C3CFDE9D2B4E78F4003CF9CC /* Protocol */ = {
			isa = PBXGroup;
			children = (
				C3CFDE9B2B4E78D0003CF9CC /* Endpointable.swift */,
			);
			path = Protocol;
			sourceTree = "<group>";
		};
		CB1DA6BC2B4EC6A400D8BAF6 /* Constant */ = {
			isa = PBXGroup;
			children = (
				CB1DA6BD2B4EC6BA00D8BAF6 /* UserContentConstant.swift */,
			);
			path = Constant;
			sourceTree = "<group>";
		};
		CB3263052B44FB2C00B9518D /* Controller */ = {
			isa = PBXGroup;
			children = (
				B4B3E2C02B42D1BB00818B3C /* ViewController.swift */,
			);
			path = Controller;
			sourceTree = "<group>";
		};
		CB3263062B44FB3400B9518D /* Delegate */ = {
			isa = PBXGroup;
			children = (
				B4B3E2BC2B42D1BB00818B3C /* AppDelegate.swift */,
				B4B3E2BE2B42D1BB00818B3C /* SceneDelegate.swift */,
			);
			path = Delegate;
			sourceTree = "<group>";
		};
		CB3263072B44FB6B00B9518D /* Extensions */ = {
			isa = PBXGroup;
			children = (
				C3B9B9392B44F48200B85140 /* ChatBot++Bundle.swift */,
			);
			path = Extensions;
			sourceTree = "<group>";
		};
		CB3263082B44FB8700B9518D /* Models */ = {
			isa = PBXGroup;
			children = (
				C3CFDE992B4E78A6003CF9CC /* DTO */,
				C3CFDE9A2B4E78B5003CF9CC /* Endpoint */,
			);
			path = Models;
			sourceTree = "<group>";
		};
		CBD979032B4CD171001F2AE8 /* DataTransfer */ = {
			isa = PBXGroup;
			children = (
				CBD979042B4CD197001F2AE8 /* Encoder.swift */,
			);
			path = DataTransfer;
			sourceTree = "<group>";
		};
/* End PBXGroup section */

/* Begin PBXNativeTarget section */
		B4B3E2B82B42D1BB00818B3C /* ChatBot */ = {
			isa = PBXNativeTarget;
			buildConfigurationList = B4B3E2CD2B42D1BC00818B3C /* Build configuration list for PBXNativeTarget "ChatBot" */;
			buildPhases = (
				B4B3E2B52B42D1BB00818B3C /* Sources */,
				B4B3E2B62B42D1BB00818B3C /* Frameworks */,
				B4B3E2B72B42D1BB00818B3C /* Resources */,
			);
			buildRules = (
			);
			dependencies = (
			);
			name = ChatBot;
			productName = ChatBot;
			productReference = B4B3E2B92B42D1BB00818B3C /* ChatBot.app */;
			productType = "com.apple.product-type.application";
		};
/* End PBXNativeTarget section */

/* Begin PBXProject section */
		B4B3E2B12B42D1BB00818B3C /* Project object */ = {
			isa = PBXProject;
			attributes = {
				BuildIndependentTargetsInParallel = 1;
				LastSwiftUpdateCheck = 1500;
				LastUpgradeCheck = 1500;
				TargetAttributes = {
					B4B3E2B82B42D1BB00818B3C = {
						CreatedOnToolsVersion = 15.0.1;
					};
				};
			};
			buildConfigurationList = B4B3E2B42B42D1BB00818B3C /* Build configuration list for PBXProject "ChatBot" */;
			compatibilityVersion = "Xcode 14.0";
			developmentRegion = en;
			hasScannedForEncodings = 0;
			knownRegions = (
				en,
				Base,
			);
			mainGroup = B4B3E2B02B42D1BB00818B3C;
			productRefGroup = B4B3E2BA2B42D1BB00818B3C /* Products */;
			projectDirPath = "";
			projectRoot = "";
			targets = (
				B4B3E2B82B42D1BB00818B3C /* ChatBot */,
			);
		};
/* End PBXProject section */

/* Begin PBXResourcesBuildPhase section */
		B4B3E2B72B42D1BB00818B3C /* Resources */ = {
			isa = PBXResourcesBuildPhase;
			buildActionMask = 2147483647;
			files = (
				B4B3E2C92B42D1BC00818B3C /* LaunchScreen.storyboard in Resources */,
				CB3263042B44F55F00B9518D /* ApiKeys.plist in Resources */,
				B4B3E2C62B42D1BC00818B3C /* Assets.xcassets in Resources */,
			);
			runOnlyForDeploymentPostprocessing = 0;
		};
/* End PBXResourcesBuildPhase section */

/* Begin PBXSourcesBuildPhase section */
		B4B3E2B52B42D1BB00818B3C /* Sources */ = {
			isa = PBXSourcesBuildPhase;
			buildActionMask = 2147483647;
			files = (
				B4B3E2C12B42D1BB00818B3C /* ViewController.swift in Sources */,
				CB1DA6BE2B4EC6BA00D8BAF6 /* UserContentConstant.swift in Sources */,
				C3CFDE912B4E39AB003CF9CC /* HTTPMethod.swift in Sources */,
				C3B9B93A2B44F48200B85140 /* ChatBot++Bundle.swift in Sources */,
				CB1DA6BB2B4E849300D8BAF6 /* APIName.swift in Sources */,
				CB1DA6C02B4ECC0700D8BAF6 /* HeaderFieldName.swift in Sources */,
				C3CFDE4A2B4CD097003CF9CC /* NetworkingError.swift in Sources */,
				CB32630C2B44FC1200B9518D /* UserContentModel.swift in Sources */,
				CB32630A2B44FBE400B9518D /* AIContentModel.swift in Sources */,
				C3CFDE9C2B4E78D0003CF9CC /* Endpointable.swift in Sources */,
				C3CFDE982B4E3ADF003CF9CC /* ChatBotEndpoint.swift in Sources */,
				C3CFDE942B4E39E5003CF9CC /* BaseURL.swift in Sources */,
				B4B3E2BD2B42D1BB00818B3C /* AppDelegate.swift in Sources */,
				CBD979052B4CD197001F2AE8 /* Encoder.swift in Sources */,
				C3CFDE962B4E3A06003CF9CC /* ContentType.swift in Sources */,
				B4B3E2BF2B42D1BB00818B3C /* SceneDelegate.swift in Sources */,
				C3CFDE452B4CD010003CF9CC /* NetworkingManager.swift in Sources */,
			);
			runOnlyForDeploymentPostprocessing = 0;
		};
/* End PBXSourcesBuildPhase section */

/* Begin PBXVariantGroup section */
		B4B3E2C72B42D1BC00818B3C /* LaunchScreen.storyboard */ = {
			isa = PBXVariantGroup;
			children = (
				B4B3E2C82B42D1BC00818B3C /* Base */,
			);
			name = LaunchScreen.storyboard;
			sourceTree = "<group>";
		};
/* End PBXVariantGroup section */

/* Begin XCBuildConfiguration section */
		B4B3E2CB2B42D1BC00818B3C /* Debug */ = {
			isa = XCBuildConfiguration;
			buildSettings = {
				ALWAYS_SEARCH_USER_PATHS = NO;
				ASSETCATALOG_COMPILER_GENERATE_SWIFT_ASSET_SYMBOL_EXTENSIONS = YES;
				CLANG_ANALYZER_NONNULL = YES;
				CLANG_ANALYZER_NUMBER_OBJECT_CONVERSION = YES_AGGRESSIVE;
				CLANG_CXX_LANGUAGE_STANDARD = "gnu++20";
				CLANG_ENABLE_MODULES = YES;
				CLANG_ENABLE_OBJC_ARC = YES;
				CLANG_ENABLE_OBJC_WEAK = YES;
				CLANG_WARN_BLOCK_CAPTURE_AUTORELEASING = YES;
				CLANG_WARN_BOOL_CONVERSION = YES;
				CLANG_WARN_COMMA = YES;
				CLANG_WARN_CONSTANT_CONVERSION = YES;
				CLANG_WARN_DEPRECATED_OBJC_IMPLEMENTATIONS = YES;
				CLANG_WARN_DIRECT_OBJC_ISA_USAGE = YES_ERROR;
				CLANG_WARN_DOCUMENTATION_COMMENTS = YES;
				CLANG_WARN_EMPTY_BODY = YES;
				CLANG_WARN_ENUM_CONVERSION = YES;
				CLANG_WARN_INFINITE_RECURSION = YES;
				CLANG_WARN_INT_CONVERSION = YES;
				CLANG_WARN_NON_LITERAL_NULL_CONVERSION = YES;
				CLANG_WARN_OBJC_IMPLICIT_RETAIN_SELF = YES;
				CLANG_WARN_OBJC_LITERAL_CONVERSION = YES;
				CLANG_WARN_OBJC_ROOT_CLASS = YES_ERROR;
				CLANG_WARN_QUOTED_INCLUDE_IN_FRAMEWORK_HEADER = YES;
				CLANG_WARN_RANGE_LOOP_ANALYSIS = YES;
				CLANG_WARN_STRICT_PROTOTYPES = YES;
				CLANG_WARN_SUSPICIOUS_MOVE = YES;
				CLANG_WARN_UNGUARDED_AVAILABILITY = YES_AGGRESSIVE;
				CLANG_WARN_UNREACHABLE_CODE = YES;
				CLANG_WARN__DUPLICATE_METHOD_MATCH = YES;
				COPY_PHASE_STRIP = NO;
				DEBUG_INFORMATION_FORMAT = dwarf;
				ENABLE_STRICT_OBJC_MSGSEND = YES;
				ENABLE_TESTABILITY = YES;
				ENABLE_USER_SCRIPT_SANDBOXING = YES;
				GCC_C_LANGUAGE_STANDARD = gnu17;
				GCC_DYNAMIC_NO_PIC = NO;
				GCC_NO_COMMON_BLOCKS = YES;
				GCC_OPTIMIZATION_LEVEL = 0;
				GCC_PREPROCESSOR_DEFINITIONS = (
					"DEBUG=1",
					"$(inherited)",
				);
				GCC_WARN_64_TO_32_BIT_CONVERSION = YES;
				GCC_WARN_ABOUT_RETURN_TYPE = YES_ERROR;
				GCC_WARN_UNDECLARED_SELECTOR = YES;
				GCC_WARN_UNINITIALIZED_AUTOS = YES_AGGRESSIVE;
				GCC_WARN_UNUSED_FUNCTION = YES;
				GCC_WARN_UNUSED_VARIABLE = YES;
				IPHONEOS_DEPLOYMENT_TARGET = 15.0;
				LOCALIZATION_PREFERS_STRING_CATALOGS = YES;
				MTL_ENABLE_DEBUG_INFO = INCLUDE_SOURCE;
				MTL_FAST_MATH = YES;
				ONLY_ACTIVE_ARCH = YES;
				SDKROOT = iphoneos;
				SWIFT_ACTIVE_COMPILATION_CONDITIONS = "DEBUG $(inherited)";
				SWIFT_OPTIMIZATION_LEVEL = "-Onone";
			};
			name = Debug;
		};
		B4B3E2CC2B42D1BC00818B3C /* Release */ = {
			isa = XCBuildConfiguration;
			buildSettings = {
				ALWAYS_SEARCH_USER_PATHS = NO;
				ASSETCATALOG_COMPILER_GENERATE_SWIFT_ASSET_SYMBOL_EXTENSIONS = YES;
				CLANG_ANALYZER_NONNULL = YES;
				CLANG_ANALYZER_NUMBER_OBJECT_CONVERSION = YES_AGGRESSIVE;
				CLANG_CXX_LANGUAGE_STANDARD = "gnu++20";
				CLANG_ENABLE_MODULES = YES;
				CLANG_ENABLE_OBJC_ARC = YES;
				CLANG_ENABLE_OBJC_WEAK = YES;
				CLANG_WARN_BLOCK_CAPTURE_AUTORELEASING = YES;
				CLANG_WARN_BOOL_CONVERSION = YES;
				CLANG_WARN_COMMA = YES;
				CLANG_WARN_CONSTANT_CONVERSION = YES;
				CLANG_WARN_DEPRECATED_OBJC_IMPLEMENTATIONS = YES;
				CLANG_WARN_DIRECT_OBJC_ISA_USAGE = YES_ERROR;
				CLANG_WARN_DOCUMENTATION_COMMENTS = YES;
				CLANG_WARN_EMPTY_BODY = YES;
				CLANG_WARN_ENUM_CONVERSION = YES;
				CLANG_WARN_INFINITE_RECURSION = YES;
				CLANG_WARN_INT_CONVERSION = YES;
				CLANG_WARN_NON_LITERAL_NULL_CONVERSION = YES;
				CLANG_WARN_OBJC_IMPLICIT_RETAIN_SELF = YES;
				CLANG_WARN_OBJC_LITERAL_CONVERSION = YES;
				CLANG_WARN_OBJC_ROOT_CLASS = YES_ERROR;
				CLANG_WARN_QUOTED_INCLUDE_IN_FRAMEWORK_HEADER = YES;
				CLANG_WARN_RANGE_LOOP_ANALYSIS = YES;
				CLANG_WARN_STRICT_PROTOTYPES = YES;
				CLANG_WARN_SUSPICIOUS_MOVE = YES;
				CLANG_WARN_UNGUARDED_AVAILABILITY = YES_AGGRESSIVE;
				CLANG_WARN_UNREACHABLE_CODE = YES;
				CLANG_WARN__DUPLICATE_METHOD_MATCH = YES;
				COPY_PHASE_STRIP = NO;
				DEBUG_INFORMATION_FORMAT = "dwarf-with-dsym";
				ENABLE_NS_ASSERTIONS = NO;
				ENABLE_STRICT_OBJC_MSGSEND = YES;
				ENABLE_USER_SCRIPT_SANDBOXING = YES;
				GCC_C_LANGUAGE_STANDARD = gnu17;
				GCC_NO_COMMON_BLOCKS = YES;
				GCC_WARN_64_TO_32_BIT_CONVERSION = YES;
				GCC_WARN_ABOUT_RETURN_TYPE = YES_ERROR;
				GCC_WARN_UNDECLARED_SELECTOR = YES;
				GCC_WARN_UNINITIALIZED_AUTOS = YES_AGGRESSIVE;
				GCC_WARN_UNUSED_FUNCTION = YES;
				GCC_WARN_UNUSED_VARIABLE = YES;
				IPHONEOS_DEPLOYMENT_TARGET = 15.0;
				LOCALIZATION_PREFERS_STRING_CATALOGS = YES;
				MTL_ENABLE_DEBUG_INFO = NO;
				MTL_FAST_MATH = YES;
				SDKROOT = iphoneos;
				SWIFT_COMPILATION_MODE = wholemodule;
				VALIDATE_PRODUCT = YES;
			};
			name = Release;
		};
		B4B3E2CE2B42D1BC00818B3C /* Debug */ = {
			isa = XCBuildConfiguration;
			buildSettings = {
				ASSETCATALOG_COMPILER_APPICON_NAME = AppIcon;
				ASSETCATALOG_COMPILER_GLOBAL_ACCENT_COLOR_NAME = AccentColor;
				CODE_SIGN_STYLE = Automatic;
				CURRENT_PROJECT_VERSION = 1;
				DEVELOPMENT_TEAM = W9647FYSN7;
				GENERATE_INFOPLIST_FILE = YES;
				INFOPLIST_FILE = ChatBot/Info.plist;
				INFOPLIST_KEY_UIApplicationSupportsIndirectInputEvents = YES;
				INFOPLIST_KEY_UILaunchStoryboardName = LaunchScreen;
				INFOPLIST_KEY_UISupportedInterfaceOrientations_iPad = "UIInterfaceOrientationPortrait UIInterfaceOrientationPortraitUpsideDown UIInterfaceOrientationLandscapeLeft UIInterfaceOrientationLandscapeRight";
				INFOPLIST_KEY_UISupportedInterfaceOrientations_iPhone = "UIInterfaceOrientationPortrait UIInterfaceOrientationLandscapeLeft UIInterfaceOrientationLandscapeRight";
				IPHONEOS_DEPLOYMENT_TARGET = 15.0;
				LD_RUNPATH_SEARCH_PATHS = (
					"$(inherited)",
					"@executable_path/Frameworks",
				);
				MARKETING_VERSION = 1.0;
				PRODUCT_BUNDLE_IDENTIFIER = com.tacocat.ChatBot;
				PRODUCT_NAME = "$(TARGET_NAME)";
				SWIFT_EMIT_LOC_STRINGS = YES;
				SWIFT_VERSION = 5.0;
				TARGETED_DEVICE_FAMILY = "1,2";
			};
			name = Debug;
		};
		B4B3E2CF2B42D1BC00818B3C /* Release */ = {
			isa = XCBuildConfiguration;
			buildSettings = {
				ASSETCATALOG_COMPILER_APPICON_NAME = AppIcon;
				ASSETCATALOG_COMPILER_GLOBAL_ACCENT_COLOR_NAME = AccentColor;
				CODE_SIGN_STYLE = Automatic;
				CURRENT_PROJECT_VERSION = 1;
				DEVELOPMENT_TEAM = W9647FYSN7;
				GENERATE_INFOPLIST_FILE = YES;
				INFOPLIST_FILE = ChatBot/Info.plist;
				INFOPLIST_KEY_UIApplicationSupportsIndirectInputEvents = YES;
				INFOPLIST_KEY_UILaunchStoryboardName = LaunchScreen;
				INFOPLIST_KEY_UISupportedInterfaceOrientations_iPad = "UIInterfaceOrientationPortrait UIInterfaceOrientationPortraitUpsideDown UIInterfaceOrientationLandscapeLeft UIInterfaceOrientationLandscapeRight";
				INFOPLIST_KEY_UISupportedInterfaceOrientations_iPhone = "UIInterfaceOrientationPortrait UIInterfaceOrientationLandscapeLeft UIInterfaceOrientationLandscapeRight";
				IPHONEOS_DEPLOYMENT_TARGET = 15.0;
				LD_RUNPATH_SEARCH_PATHS = (
					"$(inherited)",
					"@executable_path/Frameworks",
				);
				MARKETING_VERSION = 1.0;
				PRODUCT_BUNDLE_IDENTIFIER = com.tacocat.ChatBot;
				PRODUCT_NAME = "$(TARGET_NAME)";
				SWIFT_EMIT_LOC_STRINGS = YES;
				SWIFT_VERSION = 5.0;
				TARGETED_DEVICE_FAMILY = "1,2";
			};
			name = Release;
		};
/* End XCBuildConfiguration section */

/* Begin XCConfigurationList section */
		B4B3E2B42B42D1BB00818B3C /* Build configuration list for PBXProject "ChatBot" */ = {
			isa = XCConfigurationList;
			buildConfigurations = (
				B4B3E2CB2B42D1BC00818B3C /* Debug */,
				B4B3E2CC2B42D1BC00818B3C /* Release */,
			);
			defaultConfigurationIsVisible = 0;
			defaultConfigurationName = Release;
		};
		B4B3E2CD2B42D1BC00818B3C /* Build configuration list for PBXNativeTarget "ChatBot" */ = {
			isa = XCConfigurationList;
			buildConfigurations = (
				B4B3E2CE2B42D1BC00818B3C /* Debug */,
				B4B3E2CF2B42D1BC00818B3C /* Release */,
			);
			defaultConfigurationIsVisible = 0;
			defaultConfigurationName = Release;
		};
/* End XCConfigurationList section */
	};
	rootObject = B4B3E2B12B42D1BB00818B3C /* Project object */;
}
